<?xml version="1.0" encoding="utf-8"?>
<Project ToolsVersion="4.0" xmlns="http://schemas.microsoft.com/developer/msbuild/2003">
  <ItemGroup>
    <Filter Include="ソース ファイル">
      <UniqueIdentifier>{4FC737F1-C7A5-4376-A066-2A32D752A2FF}</UniqueIdentifier>
      <Extensions>cpp;c;cc;cxx;c++;def;odl;idl;hpj;bat;asm;asmx</Extensions>
    </Filter>
    <Filter Include="ヘッダー ファイル">
      <UniqueIdentifier>{93995380-89BD-4b04-88EB-625FBE52EBFB}</UniqueIdentifier>
      <Extensions>h;hh;hpp;hxx;h++;hm;inl;inc;ipp;xsd</Extensions>
    </Filter>
    <Filter Include="リソース ファイル">
      <UniqueIdentifier>{67DA6AB6-F800-4c08-8B7A-83BB121AAD01}</UniqueIdentifier>
      <Extensions>rc;ico;cur;bmp;dlg;rc2;rct;bin;rgs;gif;jpg;jpeg;jpe;resx;tiff;tif;png;wav;mfcribbon-ms</Extensions>
    </Filter>
  </ItemGroup>
  <ItemGroup>
    <ClInclude Include="inc\TktkDX12Game\_MainManager\DX12GameManager.h">
      <Filter>ヘッダー ファイル</Filter>
    </ClInclude>
    <ClInclude Include="inc\TktkDX12GameLibDefinition.h">
      <Filter>ヘッダー ファイル</Filter>
    </ClInclude>
    <ClInclude Include="inc\TktkDX12Game\GameObject\GameObjectManager.h">
      <Filter>ヘッダー ファイル</Filter>
    </ClInclude>
    <ClInclude Include="inc\TktkDX12Game\GameObject\GameObject.h">
      <Filter>ヘッダー ファイル</Filter>
    </ClInclude>
    <ClInclude Include="inc\TktkDX12Game\GameObject\GameObjectTagList.h">
      <Filter>ヘッダー ファイル</Filter>
    </ClInclude>
    <ClInclude Include="inc\TktkDX12Game\Component\ComponentManager.h">
      <Filter>ヘッダー ファイル</Filter>
    </ClInclude>
    <ClInclude Include="inc\TktkDX12Game\Component\ComponentBase.h">
      <Filter>ヘッダー ファイル</Filter>
    </ClInclude>
    <ClInclude Include="inc\TktkDX12Game\Component\ComponentMainList.h">
      <Filter>ヘッダー ファイル</Filter>
    </ClInclude>
    <ClInclude Include="inc\TktkDX12Game\Component\ComponentUpdatePriorityList.h">
      <Filter>ヘッダー ファイル</Filter>
    </ClInclude>
    <ClInclude Include="inc\TktkDX12Game\Component\ComponentCollisionFunc\ComponentCollisionFuncRunner.h">
      <Filter>ヘッダー ファイル</Filter>
    </ClInclude>
    <ClInclude Include="inc\TktkDX12Game\Component\ComponentCollisionFunc\ComponentCollisionList.h">
      <Filter>ヘッダー ファイル</Filter>
    </ClInclude>
    <ClInclude Include="inc\TktkDX12Game\Component\ComponentDrawFunc\ComponentDrawList.h">
      <Filter>ヘッダー ファイル</Filter>
    </ClInclude>
    <ClInclude Include="inc\TktkDX12Game\Component\ComponentDrawFunc\ComponentDrawRunner.h">
      <Filter>ヘッダー ファイル</Filter>
    </ClInclude>
    <ClInclude Include="inc\TktkDX12Game\Component\ComponentBasePtr.h">
      <Filter>ヘッダー ファイル</Filter>
    </ClInclude>
    <ClInclude Include="inc\TktkDX12Game\Component\ComponentPtr.h">
      <Filter>ヘッダー ファイル</Filter>
    </ClInclude>
    <ClInclude Include="inc\TktkDX12Game\GameObject\GameObjectPtr.h">
      <Filter>ヘッダー ファイル</Filter>
    </ClInclude>
    <ClInclude Include="inc\TktkDX12Game\Component\ComponentGameObjectFunc\ComponentGameObjectFuncRunner.h">
      <Filter>ヘッダー ファイル</Filter>
    </ClInclude>
    <ClInclude Include="inc\TktkDX12Game\Component\ComponentGameObjectFunc\GameObjectComponentList.h">
      <Filter>ヘッダー ファイル</Filter>
    </ClInclude>
    <ClInclude Include="inc\TktkDX12Game\Component\ComponentStartFunc\ComponentStartRunner.h">
      <Filter>ヘッダー ファイル</Filter>
    </ClInclude>
    <ClInclude Include="inc\TktkDX12Game\Component\ComponentStartFunc\ComponentSatrtList.h">
      <Filter>ヘッダー ファイル</Filter>
    </ClInclude>
    <ClInclude Include="inc\TktkDX12Game\DXGameResource\Mesh\BasicMesh\Loader\BasicMeshLoadPmdArgs.h">
      <Filter>ヘッダー ファイル</Filter>
    </ClInclude>
    <ClInclude Include="inc\TktkDX12Game\DXGameResource\Mesh\BasicMesh\Loader\BasicMeshPmdLoader.h">
      <Filter>ヘッダー ファイル</Filter>
    </ClInclude>
    <ClInclude Include="inc\TktkDX12Game\DXGameResource\Mesh\BasicMesh\Material\BasicMeshMaterial.h">
      <Filter>ヘッダー ファイル</Filter>
    </ClInclude>
    <ClInclude Include="inc\TktkDX12Game\DXGameResource\Mesh\BasicMesh\Material\BasicMeshMaterialData.h">
      <Filter>ヘッダー ファイル</Filter>
    </ClInclude>
    <ClInclude Include="inc\TktkDX12Game\DXGameResource\Mesh\BasicMesh\Material\BasicMeshMaterialInitParam.h">
      <Filter>ヘッダー ファイル</Filter>
    </ClInclude>
    <ClInclude Include="inc\TktkDX12Game\DXGameResource\Mesh\BasicMesh\Mesh\BasicMesh.h">
      <Filter>ヘッダー ファイル</Filter>
    </ClInclude>
    <ClInclude Include="inc\TktkDX12Game\DXGameResource\Mesh\BasicMesh\Mesh\BasicMeshData.h">
      <Filter>ヘッダー ファイル</Filter>
    </ClInclude>
    <ClInclude Include="inc\TktkDX12Game\DXGameResource\Mesh\BasicMesh\Mesh\BasicMeshInitParam.h">
      <Filter>ヘッダー ファイル</Filter>
    </ClInclude>
    <ClInclude Include="inc\TktkDX12Game\DXGameResource\Mesh\BasicMesh\Subset.h">
      <Filter>ヘッダー ファイル</Filter>
    </ClInclude>
    <ClInclude Include="inc\TktkDX12Game\DXGameResource\Mesh\MeshDrawFuncBaseArgs.h">
      <Filter>ヘッダー ファイル</Filter>
    </ClInclude>
    <ClInclude Include="inc\TktkDX12Game\DXGameResource\PostEffect\PostEffectMaterial.h">
      <Filter>ヘッダー ファイル</Filter>
    </ClInclude>
    <ClInclude Include="inc\TktkDX12Game\DXGameResource\PostEffect\PostEffectMaterialData.h">
      <Filter>ヘッダー ファイル</Filter>
    </ClInclude>
    <ClInclude Include="inc\TktkDX12Game\DXGameResource\PostEffect\PostEffectMaterialInitParam.h">
      <Filter>ヘッダー ファイル</Filter>
    </ClInclude>
    <ClInclude Include="inc\TktkDX12Game\DXGameResource\Sprite\SpriteConstantBufferData.h">
      <Filter>ヘッダー ファイル</Filter>
    </ClInclude>
    <ClInclude Include="inc\TktkDX12Game\DXGameResource\Sprite\SpriteMaterial.h">
      <Filter>ヘッダー ファイル</Filter>
    </ClInclude>
    <ClInclude Include="inc\TktkDX12Game\DXGameResource\Sprite\SpriteMaterialData.h">
      <Filter>ヘッダー ファイル</Filter>
    </ClInclude>
    <ClInclude Include="inc\TktkDX12Game\DXGameResource\Sprite\SpriteMaterialInitParam.h">
      <Filter>ヘッダー ファイル</Filter>
    </ClInclude>
    <ClInclude Include="inc\TktkDX12Game\DXGameResource\DXGameResource.h">
      <Filter>ヘッダー ファイル</Filter>
    </ClInclude>
    <ClInclude Include="inc\TktkDX12Game\DXGameResource\PostEffect\PostEffectShaderFilePaths.h">
      <Filter>ヘッダー ファイル</Filter>
    </ClInclude>
    <ClInclude Include="inc\TktkDX12Game\DXGameResource\Mesh\BasicMesh\Loader\BasicMeshLoadPmdReturnValue.h">
      <Filter>ヘッダー ファイル</Filter>
    </ClInclude>
    <ClInclude Include="inc\TktkDX12Game\DXGameResource\DXGameDrawFuncArgs.h">
      <Filter>ヘッダー ファイル</Filter>
    </ClInclude>
    <ClInclude Include="inc\TktkDX12Game\DXGameResource\Sprite\SpriteMaterialDrawFuncArgs.h">
      <Filter>ヘッダー ファイル</Filter>
    </ClInclude>
    <ClInclude Include="inc\TktkDX12Game\DXGameResource\PostEffect\PostEffectMaterialDrawFuncArgs.h">
      <Filter>ヘッダー ファイル</Filter>
    </ClInclude>
    <ClInclude Include="inc\TktkDX12Game\DXGameResource\Mesh\Skeleton\Skeleton.h">
      <Filter>ヘッダー ファイル</Filter>
    </ClInclude>
    <ClInclude Include="inc\TktkDX12Game\DXGameResource\Mesh\Skeleton\SkeletonData.h">
      <Filter>ヘッダー ファイル</Filter>
    </ClInclude>
    <ClInclude Include="inc\TktkDX12Game\DXGameResource\Mesh\Motion\Motion.h">
      <Filter>ヘッダー ファイル</Filter>
    </ClInclude>
    <ClInclude Include="inc\TktkDX12Game\DXGameResource\Mesh\Motion\MotionData.h">
      <Filter>ヘッダー ファイル</Filter>
    </ClInclude>
    <ClInclude Include="inc\TktkDX12Game\DXGameResource\Mesh\Skeleton\SkeletonInitParam.h">
      <Filter>ヘッダー ファイル</Filter>
    </ClInclude>
    <ClInclude Include="inc\TktkDX12Game\DXGameResource\Mesh\Skeleton\BoneMatrixCbufferData.h">
      <Filter>ヘッダー ファイル</Filter>
    </ClInclude>
    <ClInclude Include="inc\TktkDX12Game\DXGameResource\Mesh\Motion\MotionBoneParam.h">
      <Filter>ヘッダー ファイル</Filter>
    </ClInclude>
    <ClInclude Include="inc\TktkDX12Game\_MainManager\DX12GameManagerUseInitParams.h">
      <Filter>ヘッダー ファイル</Filter>
    </ClInclude>
    <ClInclude Include="inc\TktkDX12Game\_MainManager\DX12GameManagerFuncInOutValueType.h">
      <Filter>ヘッダー ファイル</Filter>
    </ClInclude>
    <ClInclude Include="inc\TktkDX12Game\DXGameResource\Mesh\MeshTransformCbuffer.h">
      <Filter>ヘッダー ファイル</Filter>
    </ClInclude>
    <ClInclude Include="inc\TktkDX12Game\DXGameResource\Mesh\BasicMesh\BasicMeshMaterialCbuffer.h">
      <Filter>ヘッダー ファイル</Filter>
    </ClInclude>
    <ClInclude Include="inc\TktkDX12Game\Input\DirectInputWrapper\GamePad\GamePad.h">
      <Filter>ヘッダー ファイル</Filter>
    </ClInclude>
    <ClInclude Include="inc\TktkDX12Game\Input\DirectInputWrapper\GamePad\GamePadBtnType.h">
      <Filter>ヘッダー ファイル</Filter>
    </ClInclude>
    <ClInclude Include="inc\TktkDX12Game\Input\DirectInputWrapper\Keyboard\Keyboard.h">
      <Filter>ヘッダー ファイル</Filter>
    </ClInclude>
    <ClInclude Include="inc\TktkDX12Game\Input\DirectInputWrapper\Keyboard\KeybordKeyType.h">
      <Filter>ヘッダー ファイル</Filter>
    </ClInclude>
    <ClInclude Include="inc\TktkDX12Game\Input\Mouse\Mouse.h">
      <Filter>ヘッダー ファイル</Filter>
    </ClInclude>
    <ClInclude Include="inc\TktkDX12Game\Input\Mouse\MouseButtonType.h">
      <Filter>ヘッダー ファイル</Filter>
    </ClInclude>
    <ClInclude Include="inc\TktkDX12Game\Input\DirectInputWrapper\DirectInputWrapper.h">
      <Filter>ヘッダー ファイル</Filter>
    </ClInclude>
    <ClInclude Include="inc\TktkDX12Game\Input\DirectInputWrapper\DirectInputIncluder.h">
      <Filter>ヘッダー ファイル</Filter>
    </ClInclude>
    <ClInclude Include="inc\TktkDX12Game\Component\DefaultComponents\ParentChildManager\ChildList.h">
      <Filter>ヘッダー ファイル</Filter>
    </ClInclude>
    <ClInclude Include="inc\TktkDX12Game\Component\DefaultComponents\ParentChildManager\ParentChildManager.h">
      <Filter>ヘッダー ファイル</Filter>
    </ClInclude>
    <ClInclude Include="inc\TktkDX12BaseComponents\2D\PostEffectDrawer\PostEffectDrawer.h">
      <Filter>ヘッダー ファイル</Filter>
    </ClInclude>
    <ClInclude Include="inc\TktkDX12BaseComponents\2D\PostEffectDrawer\PostEffectDrawerMaker.h">
      <Filter>ヘッダー ファイル</Filter>
    </ClInclude>
    <ClInclude Include="inc\TktkDX12BaseComponents\2D\SpriteDrawer\SpriteDrawer.h">
      <Filter>ヘッダー ファイル</Filter>
    </ClInclude>
    <ClInclude Include="inc\TktkDX12BaseComponents\2D\SpriteDrawer\SpriteDrawerMaker.h">
      <Filter>ヘッダー ファイル</Filter>
    </ClInclude>
    <ClInclude Include="inc\TktkDX12BaseComponents\2D\Transform2D\TraceParentType.h">
      <Filter>ヘッダー ファイル</Filter>
    </ClInclude>
    <ClInclude Include="inc\TktkDX12BaseComponents\2D\Transform2D\Transform2D.h">
      <Filter>ヘッダー ファイル</Filter>
    </ClInclude>
    <ClInclude Include="inc\TktkDX12BaseComponents\2D\Transform2D\Transform2DMaker.h">
      <Filter>ヘッダー ファイル</Filter>
    </ClInclude>
    <ClInclude Include="inc\TktkDX12BaseComponents\3D\MeshAnimator\MeshAnimator.h">
      <Filter>ヘッダー ファイル</Filter>
    </ClInclude>
    <ClInclude Include="inc\TktkDX12BaseComponents\3D\MeshAnimator\MeshAnimatorMaker.h">
      <Filter>ヘッダー ファイル</Filter>
    </ClInclude>
    <ClInclude Include="inc\TktkDX12BaseComponents\3D\MeshDrawer\BasicMeshDrawer.h">
      <Filter>ヘッダー ファイル</Filter>
    </ClInclude>
    <ClInclude Include="inc\TktkDX12BaseComponents\3D\MeshDrawer\BasicMeshDrawerMaker.h">
      <Filter>ヘッダー ファイル</Filter>
    </ClInclude>
    <ClInclude Include="inc\TktkDX12BaseComponents\3D\ShadowMapWriter\BasicMeshShadowMapWriter.h">
      <Filter>ヘッダー ファイル</Filter>
    </ClInclude>
    <ClInclude Include="inc\TktkDX12BaseComponents\3D\ShadowMapWriter\BasicMeshShadowMapWriterMaker.h">
      <Filter>ヘッダー ファイル</Filter>
    </ClInclude>
    <ClInclude Include="inc\TktkDX12BaseComponents\3D\Transform3D\Transform3D.h">
      <Filter>ヘッダー ファイル</Filter>
    </ClInclude>
    <ClInclude Include="inc\TktkDX12BaseComponents\3D\Transform3D\Transform3DMaker.h">
      <Filter>ヘッダー ファイル</Filter>
    </ClInclude>
    <ClInclude Include="inc\TktkDX12Game\DXGameResource\Camera\Camera.h">
      <Filter>ヘッダー ファイル</Filter>
    </ClInclude>
    <ClInclude Include="inc\TktkDX12Game\DXGameResource\Camera\CameraData.h">
      <Filter>ヘッダー ファイル</Filter>
    </ClInclude>
    <ClInclude Include="inc\TktkDX12BaseComponents\3D\Camera\BasicCameraController.h">
      <Filter>ヘッダー ファイル</Filter>
    </ClInclude>
    <ClInclude Include="inc\TktkDX12Game\_MainManager\DX12GameManagerInitParam.h">
      <Filter>ヘッダー ファイル</Filter>
    </ClInclude>
    <ClInclude Include="inc\TktkDX12Game\DXGameResource\DXGameResourceNum.h">
      <Filter>ヘッダー ファイル</Filter>
    </ClInclude>
    <ClInclude Include="inc\TktkDX12Game\DXGameResource\DXGameBaseShaderFilePaths.h">
      <Filter>ヘッダー ファイル</Filter>
    </ClInclude>
    <ClInclude Include="inc\TktkDX12BaseComponents\3D\Camera\BasicCameraControllerMaker.h">
      <Filter>ヘッダー ファイル</Filter>
    </ClInclude>
    <ClInclude Include="inc\TktkDX12BaseComponents\3D\Camera\OrthographicCameraController.h">
      <Filter>ヘッダー ファイル</Filter>
    </ClInclude>
    <ClInclude Include="inc\TktkDX12BaseComponents\3D\Camera\OrthographicCameraControllerMaker.h">
      <Filter>ヘッダー ファイル</Filter>
    </ClInclude>
    <ClInclude Include="inc\TktkDX12Game\DXGameResource\Mesh\MeshShadowMapCBuffer.h">
      <Filter>ヘッダー ファイル</Filter>
    </ClInclude>
    <ClInclude Include="inc\TktkDX12Game\DXGameResource\Light\Light.h">
      <Filter>ヘッダー ファイル</Filter>
    </ClInclude>
    <ClInclude Include="inc\TktkDX12Game\DXGameResource\Light\LightData.h">
      <Filter>ヘッダー ファイル</Filter>
    </ClInclude>
    <ClInclude Include="inc\TktkDX12Game\DXGameResource\Light\LightCBuffer.h">
      <Filter>ヘッダー ファイル</Filter>
    </ClInclude>
    <ClInclude Include="inc\TktkDX12BaseComponents\3D\Light\PointLightController.h">
      <Filter>ヘッダー ファイル</Filter>
    </ClInclude>
    <ClInclude Include="inc\TktkDX12BaseComponents\3D\Light\PointLightControllerMaker.h">
      <Filter>ヘッダー ファイル</Filter>
    </ClInclude>
    <ClInclude Include="inc\TktkDX12BaseComponents\Other\Sound\SoundPlayer.h">
      <Filter>ヘッダー ファイル</Filter>
    </ClInclude>
    <ClInclude Include="inc\TktkDX12Game\DXGameResource\Sound\CSoundCallback.h">
      <Filter>ヘッダー ファイル</Filter>
    </ClInclude>
    <ClInclude Include="inc\TktkDX12Game\DXGameResource\Sound\Sound.h">
      <Filter>ヘッダー ファイル</Filter>
    </ClInclude>
    <ClInclude Include="inc\TktkDX12Game\DXGameResource\Sound\SoundData.h">
      <Filter>ヘッダー ファイル</Filter>
    </ClInclude>
    <ClInclude Include="inc\TktkDX12Game\DXGameResource\Sound\SoundPlayState.h">
      <Filter>ヘッダー ファイル</Filter>
    </ClInclude>
    <ClInclude Include="inc\TktkDX12Game\DXGameResource\Scene\SceneInstanceCarrier.h">
      <Filter>ヘッダー ファイル</Filter>
    </ClInclude>
    <ClInclude Include="inc\TktkDX12Game\DXGameResource\Scene\SceneManager.h">
      <Filter>ヘッダー ファイル</Filter>
    </ClInclude>
    <ClInclude Include="inc\TktkDX12Game\DXGameResource\Scene\SceneVTable.h">
      <Filter>ヘッダー ファイル</Filter>
    </ClInclude>
    <ClInclude Include="inc\TktkDX12Game\DXGameResource\Scene\SceneBase.h">
      <Filter>ヘッダー ファイル</Filter>
    </ClInclude>
    <ClInclude Include="inc\TktkDX12Game\EventMessage\MessageAttachment.h">
      <Filter>ヘッダー ファイル</Filter>
    </ClInclude>
    <ClInclude Include="inc\TktkDX12Game\ClassTypeChecker\ClassTypeChecker.h">
      <Filter>ヘッダー ファイル</Filter>
    </ClInclude>
    <ClInclude Include="inc\TktkDX12BaseComponents\2D\CircleCollider\CircleCollider.h">
      <Filter>ヘッダー ファイル</Filter>
    </ClInclude>
    <ClInclude Include="inc\TktkDX12BaseComponents\2D\CircleCollider\CircleColliderMaker.h">
      <Filter>ヘッダー ファイル</Filter>
    </ClInclude>
    <ClInclude Include="inc\TktkDX12BaseComponents\2D\InertialMovement2D\InertialMovement2D.h">
      <Filter>ヘッダー ファイル</Filter>
    </ClInclude>
    <ClInclude Include="inc\TktkDX12BaseComponents\2D\InertialMovement2D\InertialMovement2DMaker.h">
      <Filter>ヘッダー ファイル</Filter>
    </ClInclude>
    <ClInclude Include="inc\TktkDX12BaseComponents\2D\InertialRotatement2D\InertialRotatement2D.h">
      <Filter>ヘッダー ファイル</Filter>
    </ClInclude>
    <ClInclude Include="inc\TktkDX12BaseComponents\2D\InertialRotatement2D\InertialRotatement2DMaker.h">
      <Filter>ヘッダー ファイル</Filter>
    </ClInclude>
    <ClInclude Include="inc\TktkDX12BaseComponents\2D\Polygon2dCollider\Polygon2dCollider.h">
      <Filter>ヘッダー ファイル</Filter>
    </ClInclude>
    <ClInclude Include="inc\TktkDX12BaseComponents\2D\Polygon2dCollider\Polygon2dColliderMaker.h">
      <Filter>ヘッダー ファイル</Filter>
    </ClInclude>
    <ClInclude Include="inc\TktkDX12BaseComponents\2D\RectCollider\RectCollider.h">
      <Filter>ヘッダー ファイル</Filter>
    </ClInclude>
    <ClInclude Include="inc\TktkDX12BaseComponents\2D\RectCollider\RectColliderMaker.h">
      <Filter>ヘッダー ファイル</Filter>
    </ClInclude>
    <ClInclude Include="inc\TktkDX12BaseComponents\2D\RectColliderExtrusion\RectColliderExtrusion.h">
      <Filter>ヘッダー ファイル</Filter>
    </ClInclude>
    <ClInclude Include="inc\TktkDX12BaseComponents\2D\RectColliderExtrusion\RectColliderExtrusionMaker.h">
      <Filter>ヘッダー ファイル</Filter>
    </ClInclude>
    <ClInclude Include="inc\TktkDX12BaseComponents\3D\BoxCollider\BoxCollider.h">
      <Filter>ヘッダー ファイル</Filter>
    </ClInclude>
    <ClInclude Include="inc\TktkDX12BaseComponents\3D\BoxCollider\BoxColliderMaker.h">
      <Filter>ヘッダー ファイル</Filter>
    </ClInclude>
    <ClInclude Include="inc\TktkDX12BaseComponents\3D\InertialMovement3D\InertialMovement3D.h">
      <Filter>ヘッダー ファイル</Filter>
    </ClInclude>
    <ClInclude Include="inc\TktkDX12BaseComponents\3D\InertialMovement3D\InertialMovement3DMaker.h">
      <Filter>ヘッダー ファイル</Filter>
    </ClInclude>
    <ClInclude Include="inc\TktkDX12BaseComponents\3D\SphereCollider\SphereCollider.h">
      <Filter>ヘッダー ファイル</Filter>
    </ClInclude>
    <ClInclude Include="inc\TktkDX12BaseComponents\3D\SphereCollider\SphereColliderMaker.h">
      <Filter>ヘッダー ファイル</Filter>
    </ClInclude>
    <ClInclude Include="inc\TktkDX12BaseComponents\Other\ReceiveMessageToSelfDestroyer\ReceiveMessageToSelfDestroyer.h">
      <Filter>ヘッダー ファイル</Filter>
    </ClInclude>
    <ClInclude Include="inc\TktkDX12BaseComponents\Other\ReceiveMessageToSelfDestroyer\ReceiveMessageToSelfDestroyerMaker.h">
      <Filter>ヘッダー ファイル</Filter>
    </ClInclude>
    <ClInclude Include="inc\TktkDX12Game\Time\ElapsedTimer.h">
      <Filter>ヘッダー ファイル</Filter>
    </ClInclude>
    <ClInclude Include="inc\TktkDX12Game\Component\DefaultComponents\StateMachine\CurStateTypeList.h">
      <Filter>ヘッダー ファイル</Filter>
    </ClInclude>
    <ClInclude Include="inc\TktkDX12Game\Component\DefaultComponents\StateMachine\StateMachine.h">
      <Filter>ヘッダー ファイル</Filter>
    </ClInclude>
    <ClInclude Include="inc\TktkDX12Game\Component\DefaultComponents\StateMachine\StateMachineList.h">
      <Filter>ヘッダー ファイル</Filter>
    </ClInclude>
    <ClInclude Include="inc\TktkDX12Game\Component\DefaultComponents\StateMachine\StateMachineListInitParam.h">
      <Filter>ヘッダー ファイル</Filter>
    </ClInclude>
    <ClInclude Include="inc\TktkDX12BaseComponents\3D\Camera\FirstPersonModule.h">
      <Filter>ヘッダー ファイル</Filter>
    </ClInclude>
    <ClInclude Include="inc\TktkDX12BaseComponents\3D\Camera\FirstPersonModuleMaker.h">
      <Filter>ヘッダー ファイル</Filter>
    </ClInclude>
    <ClInclude Include="inc\TktkDX12BaseComponents\2D\Line2dDrawer\Line2DDrawer.h">
      <Filter>ヘッダー ファイル</Filter>
    </ClInclude>
    <ClInclude Include="inc\TktkDX12BaseComponents\2D\Line2dDrawer\Line2DDrawerMaker.h">
      <Filter>ヘッダー ファイル</Filter>
    </ClInclude>
    <ClInclude Include="inc\TktkDX12Game\DXGameResource\Line2D\Line2DConstantBufferData.h">
      <Filter>ヘッダー ファイル</Filter>
    </ClInclude>
    <ClInclude Include="inc\TktkDX12Game\DXGameResource\_SystemDXGameResourceIdGetter\IdType\SystemPostEffectMaterialType.h">
      <Filter>ヘッダー ファイル</Filter>
    </ClInclude>
    <ClInclude Include="inc\TktkDX12BaseComponents\3D\MeshDrawer\SphereMeshDrawer.h">
      <Filter>ヘッダー ファイル</Filter>
    </ClInclude>
    <ClInclude Include="inc\TktkDX12Game\DXGameResource\_SystemDXGameResourceIdGetter\IdType\SystemBasicMeshType.h">
      <Filter>ヘッダー ファイル</Filter>
    </ClInclude>
    <ClInclude Include="inc\TktkDX12Game\DXGameResource\_SystemDXGameResourceIdGetter\SystemDXGameResourceIdGetter.h">
      <Filter>ヘッダー ファイル</Filter>
    </ClInclude>
    <ClInclude Include="inc\TktkDX12Game\DXGameResource\_SystemDXGameResourceIdGetter\IdType\SystemBasicMeshMaterialType.h">
      <Filter>ヘッダー ファイル</Filter>
    </ClInclude>
    <ClInclude Include="inc\TktkDX12Game\DXGameResource\Mesh\BasicMesh\Maker\SphereMeshMaker.h">
      <Filter>ヘッダー ファイル</Filter>
    </ClInclude>
    <ClInclude Include="inc\TktkDX12BaseComponents\3D\MeshDrawer\SphereMeshDrawerMaker.h">
      <Filter>ヘッダー ファイル</Filter>
    </ClInclude>
    <ClInclude Include="inc\TktkDX12Game\DXGameResource\Mesh\MeshPrimitiveTopology.h">
      <Filter>ヘッダー ファイル</Filter>
    </ClInclude>
    <ClInclude Include="inc\TktkDX12Game\DXGameResource\Mesh\BasicMesh\BasicMonoColorMeshCbuffer.h">
      <Filter>ヘッダー ファイル</Filter>
    </ClInclude>
    <ClInclude Include="inc\TktkDX12Game\DXGameResource\Mesh\BasicMesh\Material\BasicMeshMaterialAppendParam.h">
      <Filter>ヘッダー ファイル</Filter>
    </ClInclude>
    <ClInclude Include="inc\TktkDX12BaseComponents\2D\ColliderWireFrameDrawer2D\ColliderWireFrameDrawer2D.h">
      <Filter>ヘッダー ファイル</Filter>
    </ClInclude>
    <ClInclude Include="inc\TktkDX12BaseComponents\2D\ColliderWireFrameDrawer2D\ColliderWireFrameDrawer2DMaker.h">
      <Filter>ヘッダー ファイル</Filter>
    </ClInclude>
    <ClInclude Include="inc\TktkDX12Game\DXGameResource\Line2D\Line2DMaterialData.h">
      <Filter>ヘッダー ファイル</Filter>
    </ClInclude>
    <ClInclude Include="inc\TktkDX12Game\DXGameResource\Line2D\Line2DMaterial.h">
      <Filter>ヘッダー ファイル</Filter>
    </ClInclude>
    <ClInclude Include="inc\TktkDX12Game\DXGameResource\Line2D\Line2DMaterialDrawFuncArgs.h">
      <Filter>ヘッダー ファイル</Filter>
    </ClInclude>
    <ClInclude Include="inc\TktkDX12Game\DXGameResource\Line2D\Line2DMaterialInitParam.h">
      <Filter>ヘッダー ファイル</Filter>
    </ClInclude>
    <ClInclude Include="inc\TktkDX12BaseComponents\Components.h">
      <Filter>ヘッダー ファイル</Filter>
    </ClInclude>
    <ClInclude Include="inc\TktkDX12BaseComponents\3D\MeshDrawer\SphereMeshWireFrameDrawer.h">
      <Filter>ヘッダー ファイル</Filter>
    </ClInclude>
    <ClInclude Include="inc\TktkDX12BaseComponents\3D\MeshDrawer\SphereMeshWireFrameDrawerMaker.h">
      <Filter>ヘッダー ファイル</Filter>
    </ClInclude>
    <ClInclude Include="inc\TktkDX12BaseComponents\3D\ColliderWireFrameDrawer3D\ColliderWireFrameDrawer3D.h">
      <Filter>ヘッダー ファイル</Filter>
    </ClInclude>
    <ClInclude Include="inc\TktkDX12BaseComponents\3D\ColliderWireFrameDrawer3D\ColliderWireFrameDrawer3DMaker.h">
      <Filter>ヘッダー ファイル</Filter>
    </ClInclude>
  </ItemGroup>
  <ItemGroup>
    <ClCompile Include="src\TktkDX12Game\_MainManager\DX12GameManager.cpp">
      <Filter>ソース ファイル</Filter>
    </ClCompile>
    <ClCompile Include="src\TktkDX12Game\GameObject\GameObjectManager.cpp">
      <Filter>ソース ファイル</Filter>
    </ClCompile>
    <ClCompile Include="src\TktkDX12Game\GameObject\GameObject.cpp">
      <Filter>ソース ファイル</Filter>
    </ClCompile>
    <ClCompile Include="src\TktkDX12Game\GameObject\GameObjectTagList.cpp">
      <Filter>ソース ファイル</Filter>
    </ClCompile>
    <ClCompile Include="src\TktkDX12Game\Component\ComponentManager.cpp">
      <Filter>ソース ファイル</Filter>
    </ClCompile>
    <ClCompile Include="src\TktkDX12Game\Component\ComponentUpdatePriorityList.cpp">
      <Filter>ソース ファイル</Filter>
    </ClCompile>
    <ClCompile Include="src\TktkDX12Game\Component\ComponentMainList.cpp">
      <Filter>ソース ファイル</Filter>
    </ClCompile>
    <ClCompile Include="src\TktkDX12Game\Component\ComponentBase.cpp">
      <Filter>ソース ファイル</Filter>
    </ClCompile>
    <ClCompile Include="src\TktkDX12Game\Component\ComponentCollisionFunc\ComponentCollisionFuncRunner.cpp">
      <Filter>ソース ファイル</Filter>
    </ClCompile>
    <ClCompile Include="src\TktkDX12Game\Component\ComponentCollisionFunc\ComponentCollisionList.cpp">
      <Filter>ソース ファイル</Filter>
    </ClCompile>
    <ClCompile Include="src\TktkDX12Game\Component\ComponentDrawFunc\ComponentDrawList.cpp">
      <Filter>ソース ファイル</Filter>
    </ClCompile>
    <ClCompile Include="src\TktkDX12Game\Component\ComponentDrawFunc\ComponentDrawRunner.cpp">
      <Filter>ソース ファイル</Filter>
    </ClCompile>
    <ClCompile Include="src\TktkDX12Game\Component\ComponentBasePtr.cpp">
      <Filter>ソース ファイル</Filter>
    </ClCompile>
    <ClCompile Include="src\TktkDX12Game\GameObject\GameObjectPtr.cpp">
      <Filter>ソース ファイル</Filter>
    </ClCompile>
    <ClCompile Include="src\TktkDX12Game\Component\ComponentGameObjectFunc\ComponentGameObjectFuncRunner.cpp">
      <Filter>ソース ファイル</Filter>
    </ClCompile>
    <ClCompile Include="src\TktkDX12Game\Component\ComponentGameObjectFunc\GameObjectComponentList.cpp">
      <Filter>ソース ファイル</Filter>
    </ClCompile>
    <ClCompile Include="src\TktkDX12Game\Component\ComponentStartFunc\ComponentStartRunner.cpp">
      <Filter>ソース ファイル</Filter>
    </ClCompile>
    <ClCompile Include="src\TktkDX12Game\Component\ComponentStartFunc\ComponentSatrtList.cpp">
      <Filter>ソース ファイル</Filter>
    </ClCompile>
    <ClCompile Include="src\TktkDX12Game\DXGameResource\Mesh\BasicMesh\Loader\BasicMeshPmdLoader.cpp">
      <Filter>ソース ファイル</Filter>
    </ClCompile>
    <ClCompile Include="src\TktkDX12Game\DXGameResource\Mesh\BasicMesh\Material\BasicMeshMaterial.cpp">
      <Filter>ソース ファイル</Filter>
    </ClCompile>
    <ClCompile Include="src\TktkDX12Game\DXGameResource\Mesh\BasicMesh\Material\BasicMeshMaterialData.cpp">
      <Filter>ソース ファイル</Filter>
    </ClCompile>
    <ClCompile Include="src\TktkDX12Game\DXGameResource\Mesh\BasicMesh\Mesh\BasicMesh.cpp">
      <Filter>ソース ファイル</Filter>
    </ClCompile>
    <ClCompile Include="src\TktkDX12Game\DXGameResource\Mesh\BasicMesh\Mesh\BasicMeshData.cpp">
      <Filter>ソース ファイル</Filter>
    </ClCompile>
    <ClCompile Include="src\TktkDX12Game\DXGameResource\PostEffect\PostEffectMaterial.cpp">
      <Filter>ソース ファイル</Filter>
    </ClCompile>
    <ClCompile Include="src\TktkDX12Game\DXGameResource\PostEffect\PostEffectMaterialData.cpp">
      <Filter>ソース ファイル</Filter>
    </ClCompile>
    <ClCompile Include="src\TktkDX12Game\DXGameResource\Sprite\SpriteMaterial.cpp">
      <Filter>ソース ファイル</Filter>
    </ClCompile>
    <ClCompile Include="src\TktkDX12Game\DXGameResource\Sprite\SpriteMaterialData.cpp">
      <Filter>ソース ファイル</Filter>
    </ClCompile>
    <ClCompile Include="src\TktkDX12Game\DXGameResource\DXGameResource.cpp">
      <Filter>ソース ファイル</Filter>
    </ClCompile>
    <ClCompile Include="src\TktkDX12Game\DXGameResource\Mesh\Skeleton\Skeleton.cpp">
      <Filter>ソース ファイル</Filter>
    </ClCompile>
    <ClCompile Include="src\TktkDX12Game\DXGameResource\Mesh\Skeleton\SkeletonData.cpp">
      <Filter>ソース ファイル</Filter>
    </ClCompile>
    <ClCompile Include="src\TktkDX12Game\DXGameResource\Mesh\Motion\Motion.cpp">
      <Filter>ソース ファイル</Filter>
    </ClCompile>
    <ClCompile Include="src\TktkDX12Game\DXGameResource\Mesh\Motion\MotionData.cpp">
      <Filter>ソース ファイル</Filter>
    </ClCompile>
    <ClCompile Include="src\TktkDX12Game\Input\Mouse\Mouse.cpp">
      <Filter>ソース ファイル</Filter>
    </ClCompile>
    <ClCompile Include="src\TktkDX12Game\Input\DirectInputWrapper\GamePad\GamePad.cpp">
      <Filter>ソース ファイル</Filter>
    </ClCompile>
    <ClCompile Include="src\TktkDX12Game\Input\DirectInputWrapper\Keyboard\Keyboard.cpp">
      <Filter>ソース ファイル</Filter>
    </ClCompile>
    <ClCompile Include="src\TktkDX12Game\Input\DirectInputWrapper\DirectInputWrapper.cpp">
      <Filter>ソース ファイル</Filter>
    </ClCompile>
    <ClCompile Include="src\TktkDX12Game\Component\DefaultComponents\ParentChildManager\ChildList.cpp">
      <Filter>ソース ファイル</Filter>
    </ClCompile>
    <ClCompile Include="src\TktkDX12Game\Component\DefaultComponents\ParentChildManager\ParentChildManager.cpp">
      <Filter>ソース ファイル</Filter>
    </ClCompile>
    <ClCompile Include="src\TktkDX12BaseComponents\2D\PostEffectDrawer\PostEffectDrawer.cpp">
      <Filter>ソース ファイル</Filter>
    </ClCompile>
    <ClCompile Include="src\TktkDX12BaseComponents\2D\PostEffectDrawer\PostEffectDrawerMaker.cpp">
      <Filter>ソース ファイル</Filter>
    </ClCompile>
    <ClCompile Include="src\TktkDX12BaseComponents\2D\SpriteDrawer\SpriteDrawer.cpp">
      <Filter>ソース ファイル</Filter>
    </ClCompile>
    <ClCompile Include="src\TktkDX12BaseComponents\2D\SpriteDrawer\SpriteDrawerMaker.cpp">
      <Filter>ソース ファイル</Filter>
    </ClCompile>
    <ClCompile Include="src\TktkDX12BaseComponents\2D\Transform2D\Transform2D.cpp">
      <Filter>ソース ファイル</Filter>
    </ClCompile>
    <ClCompile Include="src\TktkDX12BaseComponents\2D\Transform2D\Transform2DMaker.cpp">
      <Filter>ソース ファイル</Filter>
    </ClCompile>
    <ClCompile Include="src\TktkDX12BaseComponents\3D\MeshAnimator\MeshAnimator.cpp">
      <Filter>ソース ファイル</Filter>
    </ClCompile>
    <ClCompile Include="src\TktkDX12BaseComponents\3D\MeshAnimator\MeshAnimatorMaker.cpp">
      <Filter>ソース ファイル</Filter>
    </ClCompile>
    <ClCompile Include="src\TktkDX12BaseComponents\3D\MeshDrawer\BasicMeshDrawer.cpp">
      <Filter>ソース ファイル</Filter>
    </ClCompile>
    <ClCompile Include="src\TktkDX12BaseComponents\3D\MeshDrawer\BasicMeshDrawerMaker.cpp">
      <Filter>ソース ファイル</Filter>
    </ClCompile>
    <ClCompile Include="src\TktkDX12BaseComponents\3D\ShadowMapWriter\BasicMeshShadowMapWriter.cpp">
      <Filter>ソース ファイル</Filter>
    </ClCompile>
    <ClCompile Include="src\TktkDX12BaseComponents\3D\ShadowMapWriter\BasicMeshShadowMapWriterMaker.cpp">
      <Filter>ソース ファイル</Filter>
    </ClCompile>
    <ClCompile Include="src\TktkDX12BaseComponents\3D\Transform3D\Transform3D.cpp">
      <Filter>ソース ファイル</Filter>
    </ClCompile>
    <ClCompile Include="src\TktkDX12BaseComponents\3D\Transform3D\Transform3DMaker.cpp">
      <Filter>ソース ファイル</Filter>
    </ClCompile>
    <ClCompile Include="src\TktkDX12Game\DXGameResource\Camera\Camera.cpp">
      <Filter>ソース ファイル</Filter>
    </ClCompile>
    <ClCompile Include="src\TktkDX12Game\DXGameResource\Camera\CameraData.cpp">
      <Filter>ソース ファイル</Filter>
    </ClCompile>
    <ClCompile Include="src\TktkDX12BaseComponents\3D\Camera\BasicCameraController.cpp">
      <Filter>ソース ファイル</Filter>
    </ClCompile>
    <ClCompile Include="src\TktkDX12BaseComponents\3D\Camera\BasicCameraControllerMaker.cpp">
      <Filter>ソース ファイル</Filter>
    </ClCompile>
    <ClCompile Include="src\TktkDX12BaseComponents\3D\Camera\OrthographicCameraController.cpp">
      <Filter>ソース ファイル</Filter>
    </ClCompile>
    <ClCompile Include="src\TktkDX12BaseComponents\3D\Camera\OrthographicCameraControllerMaker.cpp">
      <Filter>ソース ファイル</Filter>
    </ClCompile>
    <ClCompile Include="src\TktkDX12Game\DXGameResource\Light\Light.cpp">
      <Filter>ソース ファイル</Filter>
    </ClCompile>
    <ClCompile Include="src\TktkDX12Game\DXGameResource\Light\LightData.cpp">
      <Filter>ソース ファイル</Filter>
    </ClCompile>
    <ClCompile Include="src\TktkDX12BaseComponents\3D\Light\PointLightController.cpp">
      <Filter>ソース ファイル</Filter>
    </ClCompile>
    <ClCompile Include="src\TktkDX12BaseComponents\3D\Light\PointLightControllerMaker.cpp">
      <Filter>ソース ファイル</Filter>
    </ClCompile>
    <ClCompile Include="src\TktkDX12BaseComponents\Other\Sound\SoundPlayer.cpp">
      <Filter>ソース ファイル</Filter>
    </ClCompile>
    <ClCompile Include="src\TktkDX12Game\DXGameResource\Sound\CSoundCallback.cpp">
      <Filter>ソース ファイル</Filter>
    </ClCompile>
    <ClCompile Include="src\TktkDX12Game\DXGameResource\Sound\Sound.cpp">
      <Filter>ソース ファイル</Filter>
    </ClCompile>
    <ClCompile Include="src\TktkDX12Game\DXGameResource\Sound\SoundData.cpp">
      <Filter>ソース ファイル</Filter>
    </ClCompile>
    <ClCompile Include="src\TktkDX12Game\DXGameResource\Scene\SceneInstanceCarrier.cpp">
      <Filter>ソース ファイル</Filter>
    </ClCompile>
    <ClCompile Include="src\TktkDX12Game\DXGameResource\Scene\SceneManager.cpp">
      <Filter>ソース ファイル</Filter>
    </ClCompile>
    <ClCompile Include="src\TktkDX12Game\ClassTypeChecker\ClassTypeChecker.cpp">
      <Filter>ソース ファイル</Filter>
    </ClCompile>
    <ClCompile Include="src\TktkDX12BaseComponents\2D\CircleCollider\CircleCollider.cpp">
      <Filter>ソース ファイル</Filter>
    </ClCompile>
    <ClCompile Include="src\TktkDX12BaseComponents\2D\CircleCollider\CircleColliderMaker.cpp">
      <Filter>ソース ファイル</Filter>
    </ClCompile>
    <ClCompile Include="src\TktkDX12BaseComponents\2D\InertialMovement2D\InertialMovement2D.cpp">
      <Filter>ソース ファイル</Filter>
    </ClCompile>
    <ClCompile Include="src\TktkDX12BaseComponents\2D\InertialMovement2D\InertialMovement2DMaker.cpp">
      <Filter>ソース ファイル</Filter>
    </ClCompile>
    <ClCompile Include="src\TktkDX12BaseComponents\2D\InertialRotatement2D\InertialRotatement2D.cpp">
      <Filter>ソース ファイル</Filter>
    </ClCompile>
    <ClCompile Include="src\TktkDX12BaseComponents\2D\InertialRotatement2D\InertialRotatement2DMaker.cpp">
      <Filter>ソース ファイル</Filter>
    </ClCompile>
    <ClCompile Include="src\TktkDX12BaseComponents\2D\Polygon2dCollider\Polygon2dCollider.cpp">
      <Filter>ソース ファイル</Filter>
    </ClCompile>
    <ClCompile Include="src\TktkDX12BaseComponents\2D\Polygon2dCollider\Polygon2dColliderMaker.cpp">
      <Filter>ソース ファイル</Filter>
    </ClCompile>
    <ClCompile Include="src\TktkDX12BaseComponents\2D\RectCollider\RectCollider.cpp">
      <Filter>ソース ファイル</Filter>
    </ClCompile>
    <ClCompile Include="src\TktkDX12BaseComponents\2D\RectCollider\RectColliderMaker.cpp">
      <Filter>ソース ファイル</Filter>
    </ClCompile>
    <ClCompile Include="src\TktkDX12BaseComponents\2D\RectColliderExtrusion\RectColliderExtrusion.cpp">
      <Filter>ソース ファイル</Filter>
    </ClCompile>
    <ClCompile Include="src\TktkDX12BaseComponents\2D\RectColliderExtrusion\RectColliderExtrusionMaker.cpp">
      <Filter>ソース ファイル</Filter>
    </ClCompile>
    <ClCompile Include="src\TktkDX12BaseComponents\3D\BoxCollider\BoxCollider.cpp">
      <Filter>ソース ファイル</Filter>
    </ClCompile>
    <ClCompile Include="src\TktkDX12BaseComponents\3D\BoxCollider\BoxColliderMaker.cpp">
      <Filter>ソース ファイル</Filter>
    </ClCompile>
    <ClCompile Include="src\TktkDX12BaseComponents\3D\InertialMovement3D\InertialMovement3D.cpp">
      <Filter>ソース ファイル</Filter>
    </ClCompile>
    <ClCompile Include="src\TktkDX12BaseComponents\3D\InertialMovement3D\InertialMovement3DMaker.cpp">
      <Filter>ソース ファイル</Filter>
    </ClCompile>
    <ClCompile Include="src\TktkDX12BaseComponents\3D\SphereCollider\SphereCollider.cpp">
      <Filter>ソース ファイル</Filter>
    </ClCompile>
    <ClCompile Include="src\TktkDX12BaseComponents\3D\SphereCollider\SphereColliderMaker.cpp">
      <Filter>ソース ファイル</Filter>
    </ClCompile>
    <ClCompile Include="src\TktkDX12BaseComponents\Other\ReceiveMessageToSelfDestroyer\ReceiveMessageToSelfDestroyer.cpp">
      <Filter>ソース ファイル</Filter>
    </ClCompile>
    <ClCompile Include="src\TktkDX12BaseComponents\Other\ReceiveMessageToSelfDestroyer\ReceiveMessageToSelfDestroyerMaker.cpp">
      <Filter>ソース ファイル</Filter>
    </ClCompile>
    <ClCompile Include="src\TktkDX12Game\Time\ElapsedTimer.cpp">
      <Filter>ソース ファイル</Filter>
    </ClCompile>
    <ClCompile Include="src\TktkDX12Game\Component\DefaultComponents\StateMachine\CurStateTypeList.cpp">
      <Filter>ソース ファイル</Filter>
    </ClCompile>
    <ClCompile Include="src\TktkDX12Game\Component\DefaultComponents\StateMachine\StateMachine.cpp">
      <Filter>ソース ファイル</Filter>
    </ClCompile>
    <ClCompile Include="src\TktkDX12Game\Component\DefaultComponents\StateMachine\StateMachineList.cpp">
      <Filter>ソース ファイル</Filter>
    </ClCompile>
    <ClCompile Include="src\TktkDX12Game\Component\DefaultComponents\StateMachine\StateMachineListInitParam.cpp">
      <Filter>ソース ファイル</Filter>
    </ClCompile>
    <ClCompile Include="src\TktkDX12BaseComponents\3D\Camera\FirstPersonModule.cpp">
      <Filter>ソース ファイル</Filter>
    </ClCompile>
    <ClCompile Include="src\TktkDX12BaseComponents\3D\Camera\FirstPersonModuleMaker.cpp">
      <Filter>ソース ファイル</Filter>
    </ClCompile>
    <ClCompile Include="src\TktkDX12BaseComponents\2D\Line2dDrawer\Line2DDrawer.cpp">
      <Filter>ソース ファイル</Filter>
    </ClCompile>
    <ClCompile Include="src\TktkDX12BaseComponents\2D\Line2dDrawer\Line2DDrawerMaker.cpp">
      <Filter>ソース ファイル</Filter>
    </ClCompile>
    <ClCompile Include="src\TktkDX12BaseComponents\3D\MeshDrawer\SphereMeshDrawer.cpp">
      <Filter>ソース ファイル</Filter>
    </ClCompile>
    <ClCompile Include="src\TktkDX12Game\DXGameResource\_SystemDXGameResourceIdGetter\SystemDXGameResourceIdGetter.cpp">
      <Filter>ソース ファイル</Filter>
    </ClCompile>
    <ClCompile Include="src\TktkDX12Game\DXGameResource\Mesh\BasicMesh\Maker\SphereMeshMaker.cpp">
      <Filter>ソース ファイル</Filter>
    </ClCompile>
    <ClCompile Include="src\TktkDX12BaseComponents\3D\MeshDrawer\SphereMeshDrawerMaker.cpp">
      <Filter>ソース ファイル</Filter>
    </ClCompile>
    <ClCompile Include="src\TktkDX12Game\DXGameResource\Mesh\BasicMesh\Material\BasicMeshMaterialAppendParam.cpp">
      <Filter>ソース ファイル</Filter>
    </ClCompile>
    <ClCompile Include="src\TktkDX12BaseComponents\2D\ColliderWireFrameDrawer2D\ColliderWireFrameDrawer2D.cpp">
      <Filter>ソース ファイル</Filter>
    </ClCompile>
    <ClCompile Include="src\TktkDX12BaseComponents\2D\ColliderWireFrameDrawer2D\ColliderWireFrameDrawer2DMaker.cpp">
      <Filter>ソース ファイル</Filter>
    </ClCompile>
    <ClCompile Include="src\TktkDX12Game\DXGameResource\Line2D\Line2DMaterial.cpp">
      <Filter>ソース ファイル</Filter>
    </ClCompile>
    <ClCompile Include="src\TktkDX12Game\DXGameResource\Line2D\Line2DMaterialData.cpp">
      <Filter>ソース ファイル</Filter>
    </ClCompile>
    <ClCompile Include="src\TktkDX12BaseComponents\3D\MeshDrawer\SphereMeshWireFrameDrawer.cpp">
      <Filter>ソース ファイル</Filter>
    </ClCompile>
    <ClCompile Include="src\TktkDX12BaseComponents\3D\MeshDrawer\SphereMeshWireFrameDrawerMaker.cpp">
      <Filter>ソース ファイル</Filter>
    </ClCompile>
    <ClCompile Include="src\TktkDX12BaseComponents\3D\ColliderWireFrameDrawer3D\ColliderWireFrameDrawer3D.cpp">
      <Filter>ソース ファイル</Filter>
    </ClCompile>
    <ClCompile Include="src\TktkDX12BaseComponents\3D\ColliderWireFrameDrawer3D\ColliderWireFrameDrawer3DMaker.cpp">
      <Filter>ソース ファイル</Filter>
    </ClCompile>
  </ItemGroup>
  <ItemGroup>
    <FxCompile Include="shader\spriteShader\SpritePixelShader.hlsl" />
    <FxCompile Include="shader\spriteShader\SpriteVertexShader.hlsl" />
    <FxCompile Include="shader\basicMeshShader\BasicMeshPixelShader.hlsl" />
    <FxCompile Include="shader\basicMeshShader\BasicMeshVertexShader.hlsl" />
    <FxCompile Include="shader\postEffectShader\monochromeShader\MonochromePixelShader.hlsl" />
    <FxCompile Include="shader\postEffectShader\PostEffectVertexShader.hlsl" />
    <FxCompile Include="shader\shadowMapShader\BasicMeshShadowVertexShader.hlsl" />
    <FxCompile Include="shader\line2DShader\Line2DPixelShader.hlsl" />
    <FxCompile Include="shader\line2DShader\Line2DVertexShader.hlsl" />
    <FxCompile Include="shader\basicMeshShader\BasicMonoColorMeshPixelShader.hlsl" />
  </ItemGroup>
</Project>