<?xml version="1.0" encoding="utf-8"?>
<Project ToolsVersion="4.0" xmlns="http://schemas.microsoft.com/developer/msbuild/2003">
  <ItemGroup>
    <Filter Include="ソース ファイル">
      <UniqueIdentifier>{4FC737F1-C7A5-4376-A066-2A32D752A2FF}</UniqueIdentifier>
      <Extensions>cpp;c;cc;cxx;c++;def;odl;idl;hpj;bat;asm;asmx</Extensions>
    </Filter>
    <Filter Include="ヘッダー ファイル">
      <UniqueIdentifier>{93995380-89BD-4b04-88EB-625FBE52EBFB}</UniqueIdentifier>
      <Extensions>h;hh;hpp;hxx;h++;hm;inl;inc;ipp;xsd</Extensions>
    </Filter>
    <Filter Include="リソース ファイル">
      <UniqueIdentifier>{67DA6AB6-F800-4c08-8B7A-83BB121AAD01}</UniqueIdentifier>
      <Extensions>rc;ico;cur;bmp;dlg;rc2;rct;bin;rgs;gif;jpg;jpeg;jpe;resx;tiff;tif;png;wav;mfcribbon-ms</Extensions>
    </Filter>
  </ItemGroup>
  <ItemGroup>
    <ClInclude Include="inc\TktkDX12Game\_MainManager\DX12GameManager.h">
      <Filter>ヘッダー ファイル</Filter>
    </ClInclude>
    <ClInclude Include="inc\TktkDX12GameLibDefinition.h">
      <Filter>ヘッダー ファイル</Filter>
    </ClInclude>
    <ClInclude Include="inc\TktkDX12Game\Scene\SceneManager.h">
      <Filter>ヘッダー ファイル</Filter>
    </ClInclude>
    <ClInclude Include="inc\TktkDX12Game\Scene\SceneInstanceCarrier.h">
      <Filter>ヘッダー ファイル</Filter>
    </ClInclude>
    <ClInclude Include="inc\TktkDX12Game\SafetyVoidPtr\ClassTypeChecker.h">
      <Filter>ヘッダー ファイル</Filter>
    </ClInclude>
    <ClInclude Include="inc\TktkDX12Game\GameObject\GameObjectManager.h">
      <Filter>ヘッダー ファイル</Filter>
    </ClInclude>
    <ClInclude Include="inc\TktkDX12Game\GameObject\GameObject.h">
      <Filter>ヘッダー ファイル</Filter>
    </ClInclude>
    <ClInclude Include="inc\TktkDX12Game\GameObject\GameObjectTagList.h">
      <Filter>ヘッダー ファイル</Filter>
    </ClInclude>
    <ClInclude Include="inc\TktkDX12Game\Component\ComponentManager.h">
      <Filter>ヘッダー ファイル</Filter>
    </ClInclude>
    <ClInclude Include="inc\TktkDX12Game\Component\ComponentBase.h">
      <Filter>ヘッダー ファイル</Filter>
    </ClInclude>
    <ClInclude Include="inc\TktkDX12Game\SafetyVoidPtr\SafetyUniqueVoidPtr.h">
      <Filter>ヘッダー ファイル</Filter>
    </ClInclude>
    <ClInclude Include="inc\TktkDX12Game\SafetyVoidPtr\SafetyOriginalVoidPtr.h">
      <Filter>ヘッダー ファイル</Filter>
    </ClInclude>
    <ClInclude Include="inc\TktkDX12Game\SafetyVoidPtr\SafetyReplicaVoidPtr.h">
      <Filter>ヘッダー ファイル</Filter>
    </ClInclude>
    <ClInclude Include="inc\TktkDX12Game\SafetyVoidPtr\SafetyVoidPtrVTable.h">
      <Filter>ヘッダー ファイル</Filter>
    </ClInclude>
    <ClInclude Include="inc\TktkDX12Game\Component\ComponentMainList.h">
      <Filter>ヘッダー ファイル</Filter>
    </ClInclude>
    <ClInclude Include="inc\TktkDX12Game\Component\ComponentUpdatePriorityList.h">
      <Filter>ヘッダー ファイル</Filter>
    </ClInclude>
    <ClInclude Include="inc\TktkDX12Game\Component\ComponentCollisionFunc\ComponentCollisionFuncRunner.h">
      <Filter>ヘッダー ファイル</Filter>
    </ClInclude>
    <ClInclude Include="inc\TktkDX12Game\Component\ComponentCollisionFunc\ComponentCollisionList.h">
      <Filter>ヘッダー ファイル</Filter>
    </ClInclude>
    <ClInclude Include="inc\TktkDX12Game\Component\ComponentDrawFunc\ComponentDrawList.h">
      <Filter>ヘッダー ファイル</Filter>
    </ClInclude>
    <ClInclude Include="inc\TktkDX12Game\Component\ComponentDrawFunc\ComponentDrawRunner.h">
      <Filter>ヘッダー ファイル</Filter>
    </ClInclude>
    <ClInclude Include="inc\TktkDX12Game\Component\ComponentBasePtr.h">
      <Filter>ヘッダー ファイル</Filter>
    </ClInclude>
    <ClInclude Include="inc\TktkDX12Game\Component\ComponentPtr.h">
      <Filter>ヘッダー ファイル</Filter>
    </ClInclude>
    <ClInclude Include="inc\TktkDX12Game\GameObject\GameObjectPtr.h">
      <Filter>ヘッダー ファイル</Filter>
    </ClInclude>
    <ClInclude Include="inc\TktkDX12Game\Component\DefaultComponents\ParentChildManager\ParentChildManager.h">
      <Filter>ヘッダー ファイル</Filter>
    </ClInclude>
    <ClInclude Include="inc\TktkDX12Game\Component\DefaultComponents\ParentChildManager\ChildList.h">
      <Filter>ヘッダー ファイル</Filter>
    </ClInclude>
    <ClInclude Include="inc\TktkDX12Game\Component\ComponentGameObjectFunc\ComponentGameObjectFuncRunner.h">
      <Filter>ヘッダー ファイル</Filter>
    </ClInclude>
    <ClInclude Include="inc\TktkDX12Game\Component\ComponentGameObjectFunc\GameObjectComponentList.h">
      <Filter>ヘッダー ファイル</Filter>
    </ClInclude>
    <ClInclude Include="inc\TktkDX12Game\Component\DefaultComponents\2DComponents\Transform2D\Transform2D.h">
      <Filter>ヘッダー ファイル</Filter>
    </ClInclude>
    <ClInclude Include="inc\TktkDX12Game\Component\DefaultComponents\3DComponents\Transform3D\Transform3D.h">
      <Filter>ヘッダー ファイル</Filter>
    </ClInclude>
    <ClInclude Include="inc\TktkDX12Game\Component\DefaultComponents\2DComponents\Transform2D\TraceParentType.h">
      <Filter>ヘッダー ファイル</Filter>
    </ClInclude>
    <ClInclude Include="inc\TktkDX12Game\Component\DefaultComponents\2DComponents\SpriteDrawer\SpriteDrawer.h">
      <Filter>ヘッダー ファイル</Filter>
    </ClInclude>
    <ClInclude Include="inc\TktkDX12Game\Component\ComponentStartFunc\ComponentStartRunner.h">
      <Filter>ヘッダー ファイル</Filter>
    </ClInclude>
    <ClInclude Include="inc\TktkDX12Game\Component\ComponentStartFunc\ComponentSatrtList.h">
      <Filter>ヘッダー ファイル</Filter>
    </ClInclude>
    <ClInclude Include="inc\TktkDX12Game\Component\DefaultComponents\3DComponents\MeshDrawer\BasicMeshDrawer\BasicMeshDrawer.h">
      <Filter>ヘッダー ファイル</Filter>
    </ClInclude>
    <ClInclude Include="inc\TktkDX12Game\Component\DefaultComponents\3DComponents\Camera\Camera.h">
      <Filter>ヘッダー ファイル</Filter>
    </ClInclude>
    <ClInclude Include="inc\TktkDX12Game\Component\DefaultComponents\3DComponents\Light\PointLight\PointLight.h">
      <Filter>ヘッダー ファイル</Filter>
    </ClInclude>
    <ClInclude Include="inc\TktkDX12Game\Component\DefaultComponents\2DComponents\PostEffectDrawer\PostEffectDrawer.h">
      <Filter>ヘッダー ファイル</Filter>
    </ClInclude>
    <ClInclude Include="inc\TktkDX12Game\DXGameResource\Mesh\BasicMesh\Loader\BasicMeshLoadPmdArgs.h">
      <Filter>ヘッダー ファイル</Filter>
    </ClInclude>
    <ClInclude Include="inc\TktkDX12Game\DXGameResource\Mesh\BasicMesh\Loader\BasicMeshPmdLoader.h">
      <Filter>ヘッダー ファイル</Filter>
    </ClInclude>
    <ClInclude Include="inc\TktkDX12Game\DXGameResource\Mesh\BasicMesh\Material\BasicMeshMaterial.h">
      <Filter>ヘッダー ファイル</Filter>
    </ClInclude>
    <ClInclude Include="inc\TktkDX12Game\DXGameResource\Mesh\BasicMesh\Material\BasicMeshMaterialData.h">
      <Filter>ヘッダー ファイル</Filter>
    </ClInclude>
    <ClInclude Include="inc\TktkDX12Game\DXGameResource\Mesh\BasicMesh\Material\BasicMeshMaterialInitParam.h">
      <Filter>ヘッダー ファイル</Filter>
    </ClInclude>
    <ClInclude Include="inc\TktkDX12Game\DXGameResource\Mesh\BasicMesh\Mesh\BasicMesh.h">
      <Filter>ヘッダー ファイル</Filter>
    </ClInclude>
    <ClInclude Include="inc\TktkDX12Game\DXGameResource\Mesh\BasicMesh\Mesh\BasicMeshData.h">
      <Filter>ヘッダー ファイル</Filter>
    </ClInclude>
    <ClInclude Include="inc\TktkDX12Game\DXGameResource\Mesh\BasicMesh\Mesh\BasicMeshInitParam.h">
      <Filter>ヘッダー ファイル</Filter>
    </ClInclude>
    <ClInclude Include="inc\TktkDX12Game\DXGameResource\Mesh\BasicMesh\BasicMeshConstantBufferData.h">
      <Filter>ヘッダー ファイル</Filter>
    </ClInclude>
    <ClInclude Include="inc\TktkDX12Game\DXGameResource\Mesh\BasicMesh\Subset.h">
      <Filter>ヘッダー ファイル</Filter>
    </ClInclude>
    <ClInclude Include="inc\TktkDX12Game\DXGameResource\Mesh\MeshDrawFuncBaseArgs.h">
      <Filter>ヘッダー ファイル</Filter>
    </ClInclude>
    <ClInclude Include="inc\TktkDX12Game\DXGameResource\Mesh\MeshMaterialDrawFuncArgs.h">
      <Filter>ヘッダー ファイル</Filter>
    </ClInclude>
    <ClInclude Include="inc\TktkDX12Game\DXGameResource\PostEffect\PostEffectMaterial.h">
      <Filter>ヘッダー ファイル</Filter>
    </ClInclude>
    <ClInclude Include="inc\TktkDX12Game\DXGameResource\PostEffect\PostEffectMaterialData.h">
      <Filter>ヘッダー ファイル</Filter>
    </ClInclude>
    <ClInclude Include="inc\TktkDX12Game\DXGameResource\PostEffect\PostEffectMaterialInitParam.h">
      <Filter>ヘッダー ファイル</Filter>
    </ClInclude>
    <ClInclude Include="inc\TktkDX12Game\DXGameResource\Sprite\SpriteConstantBufferData.h">
      <Filter>ヘッダー ファイル</Filter>
    </ClInclude>
    <ClInclude Include="inc\TktkDX12Game\DXGameResource\Sprite\SpriteMaterial.h">
      <Filter>ヘッダー ファイル</Filter>
    </ClInclude>
    <ClInclude Include="inc\TktkDX12Game\DXGameResource\Sprite\SpriteMaterialData.h">
      <Filter>ヘッダー ファイル</Filter>
    </ClInclude>
    <ClInclude Include="inc\TktkDX12Game\DXGameResource\Sprite\SpriteMaterialInitParam.h">
      <Filter>ヘッダー ファイル</Filter>
    </ClInclude>
    <ClInclude Include="inc\TktkDX12Game\DXGameResource\_SystemDXGameResourceIdGetter\SystemDXGameResourceType\SystemPostEffectMaterialType.h">
      <Filter>ヘッダー ファイル</Filter>
    </ClInclude>
    <ClInclude Include="inc\TktkDX12Game\DXGameResource\DXGameResource.h">
      <Filter>ヘッダー ファイル</Filter>
    </ClInclude>
    <ClInclude Include="inc\TktkDX12Game\DXGameResource\DXGameResourceInitParam.h">
      <Filter>ヘッダー ファイル</Filter>
    </ClInclude>
    <ClInclude Include="inc\TktkDX12Game\DXGameResource\PostEffect\PostEffectShaderFilePaths.h">
      <Filter>ヘッダー ファイル</Filter>
    </ClInclude>
    <ClInclude Include="inc\TktkDX12Game\Component\DefaultComponents\2DComponents\RenderTargetClearer\RenderTargetClearer.h">
      <Filter>ヘッダー ファイル</Filter>
    </ClInclude>
    <ClInclude Include="inc\TktkDX12Game\DXGameResource\Mesh\BasicMesh\Loader\BasicMeshLoadPmdReturnValue.h">
      <Filter>ヘッダー ファイル</Filter>
    </ClInclude>
    <ClInclude Include="inc\TktkDX12Game\DXGameResource\DXGameDrawFuncArgs.h">
      <Filter>ヘッダー ファイル</Filter>
    </ClInclude>
    <ClInclude Include="inc\TktkDX12Game\DXGameResource\Sprite\SpriteMaterialDrawFuncArgs.h">
      <Filter>ヘッダー ファイル</Filter>
    </ClInclude>
    <ClInclude Include="inc\TktkDX12Game\DXGameResource\PostEffect\PostEffectMaterialDrawFuncArgs.h">
      <Filter>ヘッダー ファイル</Filter>
    </ClInclude>
  </ItemGroup>
  <ItemGroup>
    <ClCompile Include="src\TktkDX12Game\_MainManager\DX12GameManager.cpp">
      <Filter>ソース ファイル</Filter>
    </ClCompile>
    <ClCompile Include="src\TktkDX12Game\Scene\SceneManager.cpp">
      <Filter>ソース ファイル</Filter>
    </ClCompile>
    <ClCompile Include="src\TktkDX12Game\Scene\SceneInstanceCarrier.cpp">
      <Filter>ソース ファイル</Filter>
    </ClCompile>
    <ClCompile Include="src\TktkDX12Game\SafetyVoidPtr\ClassTypeChecker.cpp">
      <Filter>ソース ファイル</Filter>
    </ClCompile>
    <ClCompile Include="src\TktkDX12Game\GameObject\GameObjectManager.cpp">
      <Filter>ソース ファイル</Filter>
    </ClCompile>
    <ClCompile Include="src\TktkDX12Game\GameObject\GameObject.cpp">
      <Filter>ソース ファイル</Filter>
    </ClCompile>
    <ClCompile Include="src\TktkDX12Game\GameObject\GameObjectTagList.cpp">
      <Filter>ソース ファイル</Filter>
    </ClCompile>
    <ClCompile Include="src\TktkDX12Game\Component\ComponentManager.cpp">
      <Filter>ソース ファイル</Filter>
    </ClCompile>
    <ClCompile Include="src\TktkDX12Game\SafetyVoidPtr\SafetyUniqueVoidPtr.cpp">
      <Filter>ソース ファイル</Filter>
    </ClCompile>
    <ClCompile Include="src\TktkDX12Game\SafetyVoidPtr\SafetyOriginalVoidPtr.cpp">
      <Filter>ソース ファイル</Filter>
    </ClCompile>
    <ClCompile Include="src\TktkDX12Game\SafetyVoidPtr\SafetyReplicaVoidPtr.cpp">
      <Filter>ソース ファイル</Filter>
    </ClCompile>
    <ClCompile Include="src\TktkDX12Game\Component\ComponentUpdatePriorityList.cpp">
      <Filter>ソース ファイル</Filter>
    </ClCompile>
    <ClCompile Include="src\TktkDX12Game\Component\ComponentMainList.cpp">
      <Filter>ソース ファイル</Filter>
    </ClCompile>
    <ClCompile Include="src\TktkDX12Game\Component\ComponentBase.cpp">
      <Filter>ソース ファイル</Filter>
    </ClCompile>
    <ClCompile Include="src\TktkDX12Game\Component\ComponentCollisionFunc\ComponentCollisionFuncRunner.cpp">
      <Filter>ソース ファイル</Filter>
    </ClCompile>
    <ClCompile Include="src\TktkDX12Game\Component\ComponentCollisionFunc\ComponentCollisionList.cpp">
      <Filter>ソース ファイル</Filter>
    </ClCompile>
    <ClCompile Include="src\TktkDX12Game\Component\ComponentDrawFunc\ComponentDrawList.cpp">
      <Filter>ソース ファイル</Filter>
    </ClCompile>
    <ClCompile Include="src\TktkDX12Game\Component\ComponentDrawFunc\ComponentDrawRunner.cpp">
      <Filter>ソース ファイル</Filter>
    </ClCompile>
    <ClCompile Include="src\TktkDX12Game\Component\ComponentBasePtr.cpp">
      <Filter>ソース ファイル</Filter>
    </ClCompile>
    <ClCompile Include="src\TktkDX12Game\GameObject\GameObjectPtr.cpp">
      <Filter>ソース ファイル</Filter>
    </ClCompile>
    <ClCompile Include="src\TktkDX12Game\Component\DefaultComponents\ParentChildManager\ParentChildManager.cpp">
      <Filter>ソース ファイル</Filter>
    </ClCompile>
    <ClCompile Include="src\TktkDX12Game\Component\DefaultComponents\ParentChildManager\ChildList.cpp">
      <Filter>ソース ファイル</Filter>
    </ClCompile>
    <ClCompile Include="src\TktkDX12Game\Component\ComponentGameObjectFunc\ComponentGameObjectFuncRunner.cpp">
      <Filter>ソース ファイル</Filter>
    </ClCompile>
    <ClCompile Include="src\TktkDX12Game\Component\ComponentGameObjectFunc\GameObjectComponentList.cpp">
      <Filter>ソース ファイル</Filter>
    </ClCompile>
    <ClCompile Include="src\TktkDX12Game\Component\DefaultComponents\2DComponents\Transform2D\Transform2D.cpp">
      <Filter>ソース ファイル</Filter>
    </ClCompile>
    <ClCompile Include="src\TktkDX12Game\Component\DefaultComponents\3DComponents\Transform3D\Transform3D.cpp">
      <Filter>ソース ファイル</Filter>
    </ClCompile>
    <ClCompile Include="src\TktkDX12Game\Component\DefaultComponents\2DComponents\SpriteDrawer\SpriteDrawer.cpp">
      <Filter>ソース ファイル</Filter>
    </ClCompile>
    <ClCompile Include="src\TktkDX12Game\Component\ComponentStartFunc\ComponentStartRunner.cpp">
      <Filter>ソース ファイル</Filter>
    </ClCompile>
    <ClCompile Include="src\TktkDX12Game\Component\ComponentStartFunc\ComponentSatrtList.cpp">
      <Filter>ソース ファイル</Filter>
    </ClCompile>
    <ClCompile Include="src\TktkDX12Game\Component\DefaultComponents\3DComponents\MeshDrawer\BasicMeshDrawer\BasicMeshDrawer.cpp">
      <Filter>ソース ファイル</Filter>
    </ClCompile>
    <ClCompile Include="src\TktkDX12Game\Component\DefaultComponents\3DComponents\Camera\Camera.cpp">
      <Filter>ソース ファイル</Filter>
    </ClCompile>
    <ClCompile Include="src\TktkDX12Game\Component\DefaultComponents\3DComponents\Light\PointLight\PointLight.cpp">
      <Filter>ソース ファイル</Filter>
    </ClCompile>
    <ClCompile Include="src\TktkDX12Game\Component\DefaultComponents\2DComponents\PostEffectDrawer\PostEffectDrawer.cpp">
      <Filter>ソース ファイル</Filter>
    </ClCompile>
    <ClCompile Include="src\TktkDX12Game\DXGameResource\Mesh\BasicMesh\Loader\BasicMeshPmdLoader.cpp">
      <Filter>ソース ファイル</Filter>
    </ClCompile>
    <ClCompile Include="src\TktkDX12Game\DXGameResource\Mesh\BasicMesh\Material\BasicMeshMaterial.cpp">
      <Filter>ソース ファイル</Filter>
    </ClCompile>
    <ClCompile Include="src\TktkDX12Game\DXGameResource\Mesh\BasicMesh\Material\BasicMeshMaterialData.cpp">
      <Filter>ソース ファイル</Filter>
    </ClCompile>
    <ClCompile Include="src\TktkDX12Game\DXGameResource\Mesh\BasicMesh\Mesh\BasicMesh.cpp">
      <Filter>ソース ファイル</Filter>
    </ClCompile>
    <ClCompile Include="src\TktkDX12Game\DXGameResource\Mesh\BasicMesh\Mesh\BasicMeshData.cpp">
      <Filter>ソース ファイル</Filter>
    </ClCompile>
    <ClCompile Include="src\TktkDX12Game\DXGameResource\PostEffect\PostEffectMaterial.cpp">
      <Filter>ソース ファイル</Filter>
    </ClCompile>
    <ClCompile Include="src\TktkDX12Game\DXGameResource\PostEffect\PostEffectMaterialData.cpp">
      <Filter>ソース ファイル</Filter>
    </ClCompile>
    <ClCompile Include="src\TktkDX12Game\DXGameResource\Sprite\SpriteMaterial.cpp">
      <Filter>ソース ファイル</Filter>
    </ClCompile>
    <ClCompile Include="src\TktkDX12Game\DXGameResource\Sprite\SpriteMaterialData.cpp">
      <Filter>ソース ファイル</Filter>
    </ClCompile>
    <ClCompile Include="src\TktkDX12Game\DXGameResource\DXGameResource.cpp">
      <Filter>ソース ファイル</Filter>
    </ClCompile>
    <ClCompile Include="src\TktkDX12Game\Component\DefaultComponents\2DComponents\RenderTargetClearer\RenderTargetClearer.cpp">
      <Filter>ソース ファイル</Filter>
    </ClCompile>
  </ItemGroup>
  <ItemGroup>
    <FxCompile Include="shader\spriteShader\SpritePixelShader.hlsl" />
    <FxCompile Include="shader\spriteShader\SpriteVertexShader.hlsl" />
    <FxCompile Include="shader\basicMeshShader\BasicMeshPixelShader.hlsl" />
    <FxCompile Include="shader\basicMeshShader\BasicMeshVertexShader.hlsl" />
    <FxCompile Include="shader\postEffectShader\monochromeShader\MonochromePixelShader.hlsl" />
    <FxCompile Include="shader\postEffectShader\PostEffectVertexShader.hlsl" />
  </ItemGroup>
</Project>