<?xml version="1.0" encoding="utf-8"?>
<Project ToolsVersion="4.0" xmlns="http://schemas.microsoft.com/developer/msbuild/2003">
  <ItemGroup>
    <Filter Include="ソース ファイル">
      <UniqueIdentifier>{4FC737F1-C7A5-4376-A066-2A32D752A2FF}</UniqueIdentifier>
      <Extensions>cpp;c;cc;cxx;def;odl;idl;hpj;bat;asm;asmx</Extensions>
    </Filter>
    <Filter Include="ヘッダー ファイル">
      <UniqueIdentifier>{93995380-89BD-4b04-88EB-625FBE52EBFB}</UniqueIdentifier>
      <Extensions>h;hh;hpp;hxx;hm;inl;inc;ipp;xsd</Extensions>
    </Filter>
    <Filter Include="リソース ファイル">
      <UniqueIdentifier>{67DA6AB6-F800-4c08-8B7A-83BB121AAD01}</UniqueIdentifier>
      <Extensions>rc;ico;cur;bmp;dlg;rc2;rct;bin;rgs;gif;jpg;jpeg;jpe;resx;tiff;tif;png;wav;mfcribbon-ms</Extensions>
    </Filter>
  </ItemGroup>
  <ItemGroup>
    <ClInclude Include="inc\TktkAppendDxlib3DComponent\Graphics\MeshDrawer\MeshDrawer.h">
      <Filter>ヘッダー ファイル</Filter>
    </ClInclude>
    <ClInclude Include="inc\TktkAppendDxlib3DComponent\Graphics\MeshDrawer\MeshAnimator.h">
      <Filter>ヘッダー ファイル</Filter>
    </ClInclude>
    <ClInclude Include="inc\TktkAppendDxlib3DComponent\Graphics\Camera\BasicCamera.h">
      <Filter>ヘッダー ファイル</Filter>
    </ClInclude>
    <ClInclude Include="inc\TktkAppendDxlib3DComponent\Graphics\Camera\BasicCameraMaker.h">
      <Filter>ヘッダー ファイル</Filter>
    </ClInclude>
    <ClInclude Include="inc\TktkAppendDxlib3DComponent\Graphics\MeshDrawer\MeshAnimatorMaker.h">
      <Filter>ヘッダー ファイル</Filter>
    </ClInclude>
    <ClInclude Include="inc\TktkAppendDxlib3DComponent\Graphics\MeshDrawer\MeshDrawerMaker.h">
      <Filter>ヘッダー ファイル</Filter>
    </ClInclude>
    <ClInclude Include="inc\TktkAppendDxlib3DComponents.h">
      <Filter>ヘッダー ファイル</Filter>
    </ClInclude>
    <ClInclude Include="inc\TktkDxlib3DWrapper\_Policy\Dxlib3DPolicy.h">
      <Filter>ヘッダー ファイル</Filter>
    </ClInclude>
    <ClInclude Include="inc\TktkDxlib3DWrapper\Assets\LightAssets\LightAssets.h">
      <Filter>ヘッダー ファイル</Filter>
    </ClInclude>
    <ClInclude Include="inc\TktkDxlib3DWrapper\Assets\MeshAssets\MeshAssets.h">
      <Filter>ヘッダー ファイル</Filter>
    </ClInclude>
    <ClInclude Include="inc\TktkDxlib3DWrapper\Assets\MeshAssets\MeshHandles.h">
      <Filter>ヘッダー ファイル</Filter>
    </ClInclude>
    <ClInclude Include="inc\TktkDxlib3DWrapper\Assets\MeshTextureAssets\MeshTextureAssets.h">
      <Filter>ヘッダー ファイル</Filter>
    </ClInclude>
    <ClInclude Include="inc\TktkDxlib3DWrapper\Assets\VertexShaderAssets\VertexShaderAssets.h">
      <Filter>ヘッダー ファイル</Filter>
    </ClInclude>
    <ClInclude Include="inc\TktkDxlib3DWrapper\Assets\Assets3DLoader.h">
      <Filter>ヘッダー ファイル</Filter>
    </ClInclude>
    <ClInclude Include="inc\TktkDxlib3DWrapper\Assets\Assets3DManager.h">
      <Filter>ヘッダー ファイル</Filter>
    </ClInclude>
    <ClInclude Include="inc\TktkDxlib3DWrapper\Dxlib3DLibDefinition.h">
      <Filter>ヘッダー ファイル</Filter>
    </ClInclude>
    <ClInclude Include="inc\TktkAppendDxlib3DComponent\Graphics\Camera\CameraModule\FirstPersonModule.h">
      <Filter>ヘッダー ファイル</Filter>
    </ClInclude>
    <ClInclude Include="inc\TktkAppendDxlib3DComponent\Graphics\Camera\CameraModule\FirstPersonModuleMaker.h">
      <Filter>ヘッダー ファイル</Filter>
    </ClInclude>
    <ClInclude Include="inc\TktkAppendDxlib3DComponent\Graphics\Camera\CameraModule\ThirdPersonModule.h">
      <Filter>ヘッダー ファイル</Filter>
    </ClInclude>
    <ClInclude Include="inc\TktkAppendDxlib3DComponent\Graphics\Camera\CameraModule\ThirdPersonModuleMaker.h">
      <Filter>ヘッダー ファイル</Filter>
    </ClInclude>
    <ClInclude Include="inc\TktkAppendDxlib3DComponent\Graphics\Figure\BoxDrawer.h">
      <Filter>ヘッダー ファイル</Filter>
    </ClInclude>
    <ClInclude Include="inc\TktkAppendDxlib3DComponent\Graphics\Figure\BoxDrawerMaker.h">
      <Filter>ヘッダー ファイル</Filter>
    </ClInclude>
    <ClInclude Include="inc\TktkAppendDxlib3DComponent\Graphics\Light\BasicDirectionalLight.h">
      <Filter>ヘッダー ファイル</Filter>
    </ClInclude>
    <ClInclude Include="inc\TktkAppendDxlib3DComponent\Graphics\Light\BasicDirectionalLightMaker.h">
      <Filter>ヘッダー ファイル</Filter>
    </ClInclude>
    <ClInclude Include="inc\TktkAppendDxlib3DComponent\Graphics\Figure\SphereDrawer.h">
      <Filter>ヘッダー ファイル</Filter>
    </ClInclude>
    <ClInclude Include="inc\TktkAppendDxlib3DComponent\Graphics\Figure\SphereDrawerMaker.h">
      <Filter>ヘッダー ファイル</Filter>
    </ClInclude>
    <ClInclude Include="inc\TktkAppendDxlib3DComponent\Graphics\ColliderWireFrameDrawer3D\ColliderWireFrameDrawer3D.h">
      <Filter>ヘッダー ファイル</Filter>
    </ClInclude>
    <ClInclude Include="inc\TktkAppendDxlib3DComponent\Graphics\ColliderWireFrameDrawer3D\ColliderWireFrameDrawer3DMaker.h">
      <Filter>ヘッダー ファイル</Filter>
    </ClInclude>
    <ClInclude Include="inc\TktkDxlib3DWrapper\Sound3D\Sound3DManager.h">
      <Filter>ヘッダー ファイル</Filter>
    </ClInclude>
    <ClInclude Include="inc\TktkDxlib3DWrapper\Sound3D\Sound3D.h">
      <Filter>ヘッダー ファイル</Filter>
    </ClInclude>
    <ClInclude Include="inc\TktkAppendDxlib3DComponent\Sound3D\Sound3DPlayer\Sound3DPlayer.h">
      <Filter>ヘッダー ファイル</Filter>
    </ClInclude>
    <ClInclude Include="inc\TktkAppendDxlib3DComponent\Sound3D\Sound3DPlayer\Sound3DPlayerMaker.h">
      <Filter>ヘッダー ファイル</Filter>
    </ClInclude>
    <ClInclude Include="inc\TktkAppendDxlib3DComponent\Graphics\Billboard\RectBillboardDrawer.h">
      <Filter>ヘッダー ファイル</Filter>
    </ClInclude>
    <ClInclude Include="inc\TktkAppendDxlib3DComponent\Graphics\Billboard\RectBillboardDrawerMaker.h">
      <Filter>ヘッダー ファイル</Filter>
    </ClInclude>
    <ClInclude Include="inc\TktkAppendDxlib3DComponent\Graphics\Billboard\RectBillboardAnimator.h">
      <Filter>ヘッダー ファイル</Filter>
    </ClInclude>
    <ClInclude Include="inc\TktkAppendDxlib3DComponent\Graphics\Billboard\RectBillboardAnimatorMaker.h">
      <Filter>ヘッダー ファイル</Filter>
    </ClInclude>
    <ClInclude Include="inc\TktkAppendDxlib3DComponent\Graphics\Billboard\QuadrilateralBillboardDrawer.h">
      <Filter>ヘッダー ファイル</Filter>
    </ClInclude>
    <ClInclude Include="inc\TktkAppendDxlib3DComponent\Graphics\Billboard\QuadrilateralBillboardDrawerMaker.h">
      <Filter>ヘッダー ファイル</Filter>
    </ClInclude>
    <ClInclude Include="inc\TktkAppendDxlib3DComponent\Graphics\Light\AppendDirectionalLight.h">
      <Filter>ヘッダー ファイル</Filter>
    </ClInclude>
    <ClInclude Include="inc\TktkAppendDxlib3DComponent\Graphics\Light\AppendPointLight.h">
      <Filter>ヘッダー ファイル</Filter>
    </ClInclude>
    <ClInclude Include="inc\TktkAppendDxlib3DComponent\Graphics\Light\AppendSpotLight.h">
      <Filter>ヘッダー ファイル</Filter>
    </ClInclude>
    <ClInclude Include="inc\TktkAppendDxlib3DComponent\Graphics\Light\AppendDirectionalLightMaker.h">
      <Filter>ヘッダー ファイル</Filter>
    </ClInclude>
    <ClInclude Include="inc\TktkAppendDxlib3DComponent\Graphics\Light\AppendPointLightMaker.h">
      <Filter>ヘッダー ファイル</Filter>
    </ClInclude>
    <ClInclude Include="inc\TktkAppendDxlib3DComponent\Graphics\Light\AppendSpotLightMaker.h">
      <Filter>ヘッダー ファイル</Filter>
    </ClInclude>
    <ClInclude Include="inc\TktkDxlib3DWrapper\Assets\ShadowMapAssets\ShadowMapAssets.h">
      <Filter>ヘッダー ファイル</Filter>
    </ClInclude>
    <ClInclude Include="inc\TktkDxlib3DWrapper\Graphics\DxLibDraw3DParam.h">
      <Filter>ヘッダー ファイル</Filter>
    </ClInclude>
    <ClInclude Include="inc\TktkDxlib3DWrapper\Graphics\DxLibShader3DParam.h">
      <Filter>ヘッダー ファイル</Filter>
    </ClInclude>
    <ClInclude Include="inc\TktkAppendDxlib3DComponent\Graphics\ShadowMap\ShadowMapDrawer\ShadowMapDrawer.h">
      <Filter>ヘッダー ファイル</Filter>
    </ClInclude>
    <ClInclude Include="inc\TktkAppendDxlib3DComponent\Graphics\ShadowMap\ShadowMapDrawer\ShadowMapDrawerMaker.h">
      <Filter>ヘッダー ファイル</Filter>
    </ClInclude>
    <ClInclude Include="inc\TktkAppendDxlib3DComponent\Graphics\ShadowMap\ShadowMapDrawer\ShadowMapCreateStarter.h">
      <Filter>ヘッダー ファイル</Filter>
    </ClInclude>
    <ClInclude Include="inc\TktkAppendDxlib3DComponent\Graphics\ShadowMap\ShadowMapDrawer\ShadowMapCreateFinisher.h">
      <Filter>ヘッダー ファイル</Filter>
    </ClInclude>
    <ClInclude Include="inc\TktkAppendDxlib3DComponent\Graphics\ShadowMap\ShadowMapDrawer\ShadowMapDisabler.h">
      <Filter>ヘッダー ファイル</Filter>
    </ClInclude>
    <ClInclude Include="inc\TktkAppendDxlib3DComponent\Graphics\ShadowMap\ShadowMapDrawer\ShadowMapEnabler.h">
      <Filter>ヘッダー ファイル</Filter>
    </ClInclude>
    <ClInclude Include="inc\TktkAppendDxlib3DComponent\Graphics\ShadowMap\MeshShadowCreator.h">
      <Filter>ヘッダー ファイル</Filter>
    </ClInclude>
    <ClInclude Include="inc\TktkAppendDxlib3DComponent\Graphics\ShadowMap\BoxShadowCreator.h">
      <Filter>ヘッダー ファイル</Filter>
    </ClInclude>
    <ClInclude Include="inc\TktkAppendDxlib3DComponent\Graphics\ShadowMap\SphereShadowCreator.h">
      <Filter>ヘッダー ファイル</Filter>
    </ClInclude>
    <ClInclude Include="inc\TktkDxlib3DWrapper\Assets\ShaderConstantBufferAssets\ShaderConstantBufferAssets.h">
      <Filter>ヘッダー ファイル</Filter>
    </ClInclude>
    <ClInclude Include="inc\TktkDxlib3DWrapper\Graphics\ShaderUseGraphHandle.h">
      <Filter>ヘッダー ファイル</Filter>
    </ClInclude>
    <ClInclude Include="inc\TktkDxlib3DWrapper\Graphics\ShaderUseTextureAddressType.h">
      <Filter>ヘッダー ファイル</Filter>
    </ClInclude>
    <ClInclude Include="inc\TktkDxlib3DWrapper\Graphics\ShaderType.h">
      <Filter>ヘッダー ファイル</Filter>
    </ClInclude>
    <ClInclude Include="inc\TktkDxlib3DWrapper\Graphics\ShaderUseConstantBuffer.h">
      <Filter>ヘッダー ファイル</Filter>
    </ClInclude>
    <ClInclude Include="inc\TktkAppendDxlib3DComponent\Graphics\ShaderConstantBuffer\ShaderConstantBufferUpdater.h">
      <Filter>ヘッダー ファイル</Filter>
    </ClInclude>
    <ClInclude Include="inc\TktkAppendDxlib3DComponent\Graphics\ShaderConstantBuffer\ShaderConstantBufferUpdaterMaker.h">
      <Filter>ヘッダー ファイル</Filter>
    </ClInclude>
    <ClInclude Include="inc\TktkDxlib3DWrapper\Assets\ShaderConstantBufferAssets\ShaderConstantBufferData.h">
      <Filter>ヘッダー ファイル</Filter>
    </ClInclude>
    <ClInclude Include="inc\TktkAppendDxlib3DComponent\Graphics\MeshDrawer\MeshMaterial.h">
      <Filter>ヘッダー ファイル</Filter>
    </ClInclude>
  </ItemGroup>
  <ItemGroup>
    <ClCompile Include="src\TktkAppendDxlib3DComponent\Graphics\MeshDrawer\MeshDrawer.cpp">
      <Filter>ソース ファイル</Filter>
    </ClCompile>
    <ClCompile Include="src\TktkAppendDxlib3DComponent\Graphics\MeshDrawer\MeshAnimator.cpp">
      <Filter>ソース ファイル</Filter>
    </ClCompile>
    <ClCompile Include="src\TktkAppendDxlib3DComponent\Graphics\Camera\BasicCamera.cpp">
      <Filter>ソース ファイル</Filter>
    </ClCompile>
    <ClCompile Include="src\TktkAppendDxlib3DComponent\Graphics\Camera\BasicCameraMaker.cpp">
      <Filter>ソース ファイル</Filter>
    </ClCompile>
    <ClCompile Include="src\TktkAppendDxlib3DComponent\Graphics\MeshDrawer\MeshAnimatorMaker.cpp">
      <Filter>ソース ファイル</Filter>
    </ClCompile>
    <ClCompile Include="src\TktkAppendDxlib3DComponent\Graphics\MeshDrawer\MeshDrawerMaker.cpp">
      <Filter>ソース ファイル</Filter>
    </ClCompile>
    <ClCompile Include="src\TktkDxlib3DWrapper\_Policy\Dxlib3DPolicy.cpp">
      <Filter>ソース ファイル</Filter>
    </ClCompile>
    <ClCompile Include="src\TktkDxlib3DWrapper\Assets\LightAssets\LightAssets.cpp">
      <Filter>ソース ファイル</Filter>
    </ClCompile>
    <ClCompile Include="src\TktkDxlib3DWrapper\Assets\MeshAssets\MeshAssets.cpp">
      <Filter>ソース ファイル</Filter>
    </ClCompile>
    <ClCompile Include="src\TktkDxlib3DWrapper\Assets\MeshAssets\MeshHandles.cpp">
      <Filter>ソース ファイル</Filter>
    </ClCompile>
    <ClCompile Include="src\TktkDxlib3DWrapper\Assets\MeshTextureAssets\MeshTextureAssets.cpp">
      <Filter>ソース ファイル</Filter>
    </ClCompile>
    <ClCompile Include="src\TktkDxlib3DWrapper\Assets\VertexShaderAssets\VertexShaderAssets.cpp">
      <Filter>ソース ファイル</Filter>
    </ClCompile>
    <ClCompile Include="src\TktkDxlib3DWrapper\Assets\Assets3DLoader.cpp">
      <Filter>ソース ファイル</Filter>
    </ClCompile>
    <ClCompile Include="src\TktkDxlib3DWrapper\Assets\Assets3DManager.cpp">
      <Filter>ソース ファイル</Filter>
    </ClCompile>
    <ClCompile Include="src\TktkAppendDxlib3DComponent\Graphics\Camera\CameraModule\FirstPersonModule.cpp">
      <Filter>ソース ファイル</Filter>
    </ClCompile>
    <ClCompile Include="src\TktkAppendDxlib3DComponent\Graphics\Camera\CameraModule\FirstPersonModuleMaker.cpp">
      <Filter>ソース ファイル</Filter>
    </ClCompile>
    <ClCompile Include="src\TktkAppendDxlib3DComponent\Graphics\Camera\CameraModule\ThirdPersonModule.cpp">
      <Filter>ソース ファイル</Filter>
    </ClCompile>
    <ClCompile Include="src\TktkAppendDxlib3DComponent\Graphics\Camera\CameraModule\ThirdPersonModuleMaker.cpp">
      <Filter>ソース ファイル</Filter>
    </ClCompile>
    <ClCompile Include="src\TktkAppendDxlib3DComponent\Graphics\Figure\BoxDrawer.cpp">
      <Filter>ソース ファイル</Filter>
    </ClCompile>
    <ClCompile Include="src\TktkAppendDxlib3DComponent\Graphics\Figure\BoxDrawerMaker.cpp">
      <Filter>ソース ファイル</Filter>
    </ClCompile>
    <ClCompile Include="src\TktkAppendDxlib3DComponent\Graphics\Light\BasicDirectionalLight.cpp">
      <Filter>ソース ファイル</Filter>
    </ClCompile>
    <ClCompile Include="src\TktkAppendDxlib3DComponent\Graphics\Light\BasicDirectionalLightMaker.cpp">
      <Filter>ソース ファイル</Filter>
    </ClCompile>
    <ClCompile Include="src\TktkAppendDxlib3DComponent\Graphics\Figure\SphereDrawer.cpp">
      <Filter>ソース ファイル</Filter>
    </ClCompile>
    <ClCompile Include="src\TktkAppendDxlib3DComponent\Graphics\Figure\SphereDrawerMaker.cpp">
      <Filter>ソース ファイル</Filter>
    </ClCompile>
    <ClCompile Include="src\TktkAppendDxlib3DComponent\Graphics\ColliderWireFrameDrawer3D\ColliderWireFrameDrawer3D.cpp">
      <Filter>ソース ファイル</Filter>
    </ClCompile>
    <ClCompile Include="src\TktkAppendDxlib3DComponent\Graphics\ColliderWireFrameDrawer3D\ColliderWireFrameDrawer3DMaker.cpp">
      <Filter>ソース ファイル</Filter>
    </ClCompile>
    <ClCompile Include="src\TktkDxlib3DWrapper\Sound3D\Sound3DManager.cpp">
      <Filter>ソース ファイル</Filter>
    </ClCompile>
    <ClCompile Include="src\TktkDxlib3DWrapper\Sound3D\Sound3D.cpp">
      <Filter>ソース ファイル</Filter>
    </ClCompile>
    <ClCompile Include="src\TktkAppendDxlib3DComponent\Sound3D\Sound3DPlayer\Sound3DPlayer.cpp">
      <Filter>ソース ファイル</Filter>
    </ClCompile>
    <ClCompile Include="src\TktkAppendDxlib3DComponent\Sound3D\Sound3DPlayer\Sound3DPlayerMaker.cpp">
      <Filter>ソース ファイル</Filter>
    </ClCompile>
    <ClCompile Include="src\TktkAppendDxlib3DComponent\Graphics\Billboard\RectBillboardDrawer.cpp">
      <Filter>ソース ファイル</Filter>
    </ClCompile>
    <ClCompile Include="src\TktkAppendDxlib3DComponent\Graphics\Billboard\RectBillboardDrawerMaker.cpp">
      <Filter>ソース ファイル</Filter>
    </ClCompile>
    <ClCompile Include="src\TktkAppendDxlib3DComponent\Graphics\Billboard\RectBillboardAnimator.cpp">
      <Filter>ソース ファイル</Filter>
    </ClCompile>
    <ClCompile Include="src\TktkAppendDxlib3DComponent\Graphics\Billboard\RectBillboardAnimatorMaker.cpp">
      <Filter>ソース ファイル</Filter>
    </ClCompile>
    <ClCompile Include="src\TktkAppendDxlib3DComponent\Graphics\Billboard\QuadrilateralBillboardDrawer.cpp">
      <Filter>ソース ファイル</Filter>
    </ClCompile>
    <ClCompile Include="src\TktkAppendDxlib3DComponent\Graphics\Billboard\QuadrilateralBillboardDrawerMaker.cpp">
      <Filter>ソース ファイル</Filter>
    </ClCompile>
    <ClCompile Include="src\TktkAppendDxlib3DComponent\Graphics\Light\AppendDirectionalLight.cpp">
      <Filter>ソース ファイル</Filter>
    </ClCompile>
    <ClCompile Include="src\TktkAppendDxlib3DComponent\Graphics\Light\AppendPointLight.cpp">
      <Filter>ソース ファイル</Filter>
    </ClCompile>
    <ClCompile Include="src\TktkAppendDxlib3DComponent\Graphics\Light\AppendSpotLight.cpp">
      <Filter>ソース ファイル</Filter>
    </ClCompile>
    <ClCompile Include="src\TktkAppendDxlib3DComponent\Graphics\Light\AppendDirectionalLightMaker.cpp">
      <Filter>ソース ファイル</Filter>
    </ClCompile>
    <ClCompile Include="src\TktkAppendDxlib3DComponent\Graphics\Light\AppendPointLightMaker.cpp">
      <Filter>ソース ファイル</Filter>
    </ClCompile>
    <ClCompile Include="src\TktkAppendDxlib3DComponent\Graphics\Light\AppendSpotLightMaker.cpp">
      <Filter>ソース ファイル</Filter>
    </ClCompile>
    <ClCompile Include="src\TktkDxlib3DWrapper\Assets\ShadowMapAssets\ShadowMapAssets.cpp">
      <Filter>ソース ファイル</Filter>
    </ClCompile>
    <ClCompile Include="src\TktkDxlib3DWrapper\Graphics\DxLibDraw3DParam.cpp">
      <Filter>ソース ファイル</Filter>
    </ClCompile>
    <ClCompile Include="src\TktkDxlib3DWrapper\Graphics\DxLibShader3DParam.cpp">
      <Filter>ソース ファイル</Filter>
    </ClCompile>
    <ClCompile Include="src\TktkAppendDxlib3DComponent\Graphics\ShadowMap\ShadowMapDrawer\ShadowMapDrawer.cpp">
      <Filter>ソース ファイル</Filter>
    </ClCompile>
    <ClCompile Include="src\TktkAppendDxlib3DComponent\Graphics\ShadowMap\ShadowMapDrawer\ShadowMapDrawerMaker.cpp">
      <Filter>ソース ファイル</Filter>
    </ClCompile>
    <ClCompile Include="src\TktkAppendDxlib3DComponent\Graphics\ShadowMap\ShadowMapDrawer\ShadowMapCreateStarter.cpp">
      <Filter>ソース ファイル</Filter>
    </ClCompile>
    <ClCompile Include="src\TktkAppendDxlib3DComponent\Graphics\ShadowMap\ShadowMapDrawer\ShadowMapCreateFinisher.cpp">
      <Filter>ソース ファイル</Filter>
    </ClCompile>
    <ClCompile Include="src\TktkAppendDxlib3DComponent\Graphics\ShadowMap\ShadowMapDrawer\ShadowMapEnabler.cpp">
      <Filter>ソース ファイル</Filter>
    </ClCompile>
    <ClCompile Include="src\TktkAppendDxlib3DComponent\Graphics\ShadowMap\ShadowMapDrawer\ShadowMapDisabler.cpp">
      <Filter>ソース ファイル</Filter>
    </ClCompile>
    <ClCompile Include="src\TktkAppendDxlib3DComponent\Graphics\ShadowMap\MeshShadowCreator.cpp">
      <Filter>ソース ファイル</Filter>
    </ClCompile>
    <ClCompile Include="src\TktkAppendDxlib3DComponent\Graphics\ShadowMap\SphereShadowCreator.cpp">
      <Filter>ソース ファイル</Filter>
    </ClCompile>
    <ClCompile Include="src\TktkAppendDxlib3DComponent\Graphics\ShadowMap\BoxShadowCreator.cpp">
      <Filter>ソース ファイル</Filter>
    </ClCompile>
    <ClCompile Include="src\TktkDxlib3DWrapper\Assets\ShaderConstantBufferAssets\ShaderConstantBufferAssets.cpp">
      <Filter>ソース ファイル</Filter>
    </ClCompile>
    <ClCompile Include="src\TktkAppendDxlib3DComponent\Graphics\ShaderConstantBuffer\ShaderConstantBufferUpdater.cpp">
      <Filter>ソース ファイル</Filter>
    </ClCompile>
    <ClCompile Include="src\TktkAppendDxlib3DComponent\Graphics\ShaderConstantBuffer\ShaderConstantBufferUpdaterMaker.cpp">
      <Filter>ソース ファイル</Filter>
    </ClCompile>
    <ClCompile Include="src\TktkDxlib3DWrapper\Assets\ShaderConstantBufferAssets\ShaderConstantBufferData.cpp">
      <Filter>ソース ファイル</Filter>
    </ClCompile>
    <ClCompile Include="src\TktkAppendDxlib3DComponent\Graphics\MeshDrawer\MeshMaterial.cpp">
      <Filter>ソース ファイル</Filter>
    </ClCompile>
  </ItemGroup>
</Project>