
Microsoft Visual Studio Solution File, Format Version 12.00
# Visual Studio Version 16
VisualStudioVersion = 16.0.29920.165
MinimumVisualStudioVersion = 10.0.40219.1
Project("{8BC9CEB8-8B4A-11D0-8D11-00A0C91BC942}") = "_TktkTestProject", "_TktkTestProject\_TktkTestProject.vcxproj", "{A6F00F42-0B10-4C8A-BD03-0EC7CEFD9A0F}"
EndProject
Project("{8BC9CEB8-8B4A-11D0-8D11-00A0C91BC942}") = "TktkMathLib", "TktkMathLib\TktkMathLib.vcxproj", "{EF44EEC4-35A8-49F1-8A32-AC0C047E157F}"
EndProject
Project("{8BC9CEB8-8B4A-11D0-8D11-00A0C91BC942}") = "TktkTemplateMetaLib", "TktkTemplateMetaLib\TktkTemplateMetaLib.vcxproj", "{75CF1CFF-1097-45D3-91A2-7D3F08273ED3}"
EndProject
Project("{8BC9CEB8-8B4A-11D0-8D11-00A0C91BC942}") = "TktkDX12WrappingLib", "TktkDX12WrappingLib\TktkDX12WrappingLib.vcxproj", "{1FB321F6-65B0-45BC-9EB5-91F71E7FC0B8}"
EndProject
Project("{8BC9CEB8-8B4A-11D0-8D11-00A0C91BC942}") = "TktkDX12GameLib", "TktkDX12GameLib\TktkDX12GameLib.vcxproj", "{45000072-BEC9-43D8-AB03-29B5C2959261}"
EndProject
Project("{8BC9CEB8-8B4A-11D0-8D11-00A0C91BC942}") = "TktkFileIoLib", "TktkFileIoLib\TktkFileIoLib.vcxproj", "{D688E630-C908-46AC-B3E5-AD56911B70B4}"
EndProject
Project("{8BC9CEB8-8B4A-11D0-8D11-00A0C91BC942}") = "TktkContainerLib", "TktkContainerLib\TktkContainerLib.vcxproj", "{116144F6-4EFA-4C96-AC14-8D3530275E21}"
EndProject
Global
	GlobalSection(SolutionConfigurationPlatforms) = preSolution
		Debug|x64 = Debug|x64
		Debug|x86 = Debug|x86
		Release|x64 = Release|x64
		Release|x86 = Release|x86
	EndGlobalSection
	GlobalSection(ProjectConfigurationPlatforms) = postSolution
		{A6F00F42-0B10-4C8A-BD03-0EC7CEFD9A0F}.Debug|x64.ActiveCfg = Debug|x64
		{A6F00F42-0B10-4C8A-BD03-0EC7CEFD9A0F}.Debug|x64.Build.0 = Debug|x64
		{A6F00F42-0B10-4C8A-BD03-0EC7CEFD9A0F}.Debug|x86.ActiveCfg = Debug|Win32
		{A6F00F42-0B10-4C8A-BD03-0EC7CEFD9A0F}.Debug|x86.Build.0 = Debug|Win32
		{A6F00F42-0B10-4C8A-BD03-0EC7CEFD9A0F}.Release|x64.ActiveCfg = Release|x64
		{A6F00F42-0B10-4C8A-BD03-0EC7CEFD9A0F}.Release|x64.Build.0 = Release|x64
		{A6F00F42-0B10-4C8A-BD03-0EC7CEFD9A0F}.Release|x86.ActiveCfg = Release|Win32
		{A6F00F42-0B10-4C8A-BD03-0EC7CEFD9A0F}.Release|x86.Build.0 = Release|Win32
		{EF44EEC4-35A8-49F1-8A32-AC0C047E157F}.Debug|x64.ActiveCfg = Debug|x64
		{EF44EEC4-35A8-49F1-8A32-AC0C047E157F}.Debug|x64.Build.0 = Debug|x64
		{EF44EEC4-35A8-49F1-8A32-AC0C047E157F}.Debug|x86.ActiveCfg = Debug|Win32
		{EF44EEC4-35A8-49F1-8A32-AC0C047E157F}.Debug|x86.Build.0 = Debug|Win32
		{EF44EEC4-35A8-49F1-8A32-AC0C047E157F}.Release|x64.ActiveCfg = Release|x64
		{EF44EEC4-35A8-49F1-8A32-AC0C047E157F}.Release|x64.Build.0 = Release|x64
		{EF44EEC4-35A8-49F1-8A32-AC0C047E157F}.Release|x86.ActiveCfg = Release|Win32
		{EF44EEC4-35A8-49F1-8A32-AC0C047E157F}.Release|x86.Build.0 = Release|Win32
		{75CF1CFF-1097-45D3-91A2-7D3F08273ED3}.Debug|x64.ActiveCfg = Debug|x64
		{75CF1CFF-1097-45D3-91A2-7D3F08273ED3}.Debug|x64.Build.0 = Debug|x64
		{75CF1CFF-1097-45D3-91A2-7D3F08273ED3}.Debug|x86.ActiveCfg = Debug|Win32
		{75CF1CFF-1097-45D3-91A2-7D3F08273ED3}.Debug|x86.Build.0 = Debug|Win32
		{75CF1CFF-1097-45D3-91A2-7D3F08273ED3}.Release|x64.ActiveCfg = Release|x64
		{75CF1CFF-1097-45D3-91A2-7D3F08273ED3}.Release|x64.Build.0 = Release|x64
		{75CF1CFF-1097-45D3-91A2-7D3F08273ED3}.Release|x86.ActiveCfg = Release|Win32
		{75CF1CFF-1097-45D3-91A2-7D3F08273ED3}.Release|x86.Build.0 = Release|Win32
		{1FB321F6-65B0-45BC-9EB5-91F71E7FC0B8}.Debug|x64.ActiveCfg = Debug|x64
		{1FB321F6-65B0-45BC-9EB5-91F71E7FC0B8}.Debug|x64.Build.0 = Debug|x64
		{1FB321F6-65B0-45BC-9EB5-91F71E7FC0B8}.Debug|x86.ActiveCfg = Debug|Win32
		{1FB321F6-65B0-45BC-9EB5-91F71E7FC0B8}.Debug|x86.Build.0 = Debug|Win32
		{1FB321F6-65B0-45BC-9EB5-91F71E7FC0B8}.Release|x64.ActiveCfg = Release|x64
		{1FB321F6-65B0-45BC-9EB5-91F71E7FC0B8}.Release|x64.Build.0 = Release|x64
		{1FB321F6-65B0-45BC-9EB5-91F71E7FC0B8}.Release|x86.ActiveCfg = Release|Win32
		{1FB321F6-65B0-45BC-9EB5-91F71E7FC0B8}.Release|x86.Build.0 = Release|Win32
		{45000072-BEC9-43D8-AB03-29B5C2959261}.Debug|x64.ActiveCfg = Debug|x64
		{45000072-BEC9-43D8-AB03-29B5C2959261}.Debug|x64.Build.0 = Debug|x64
		{45000072-BEC9-43D8-AB03-29B5C2959261}.Debug|x86.ActiveCfg = Debug|Win32
		{45000072-BEC9-43D8-AB03-29B5C2959261}.Debug|x86.Build.0 = Debug|Win32
		{45000072-BEC9-43D8-AB03-29B5C2959261}.Release|x64.ActiveCfg = Release|x64
		{45000072-BEC9-43D8-AB03-29B5C2959261}.Release|x64.Build.0 = Release|x64
		{45000072-BEC9-43D8-AB03-29B5C2959261}.Release|x86.ActiveCfg = Release|Win32
		{45000072-BEC9-43D8-AB03-29B5C2959261}.Release|x86.Build.0 = Release|Win32
		{D688E630-C908-46AC-B3E5-AD56911B70B4}.Debug|x64.ActiveCfg = Debug|x64
		{D688E630-C908-46AC-B3E5-AD56911B70B4}.Debug|x64.Build.0 = Debug|x64
		{D688E630-C908-46AC-B3E5-AD56911B70B4}.Debug|x86.ActiveCfg = Debug|Win32
		{D688E630-C908-46AC-B3E5-AD56911B70B4}.Debug|x86.Build.0 = Debug|Win32
		{D688E630-C908-46AC-B3E5-AD56911B70B4}.Release|x64.ActiveCfg = Release|x64
		{D688E630-C908-46AC-B3E5-AD56911B70B4}.Release|x64.Build.0 = Release|x64
		{D688E630-C908-46AC-B3E5-AD56911B70B4}.Release|x86.ActiveCfg = Release|Win32
		{D688E630-C908-46AC-B3E5-AD56911B70B4}.Release|x86.Build.0 = Release|Win32
		{116144F6-4EFA-4C96-AC14-8D3530275E21}.Debug|x64.ActiveCfg = Debug|x64
		{116144F6-4EFA-4C96-AC14-8D3530275E21}.Debug|x64.Build.0 = Debug|x64
		{116144F6-4EFA-4C96-AC14-8D3530275E21}.Debug|x86.ActiveCfg = Debug|Win32
		{116144F6-4EFA-4C96-AC14-8D3530275E21}.Debug|x86.Build.0 = Debug|Win32
		{116144F6-4EFA-4C96-AC14-8D3530275E21}.Release|x64.ActiveCfg = Release|x64
		{116144F6-4EFA-4C96-AC14-8D3530275E21}.Release|x64.Build.0 = Release|x64
		{116144F6-4EFA-4C96-AC14-8D3530275E21}.Release|x86.ActiveCfg = Release|Win32
		{116144F6-4EFA-4C96-AC14-8D3530275E21}.Release|x86.Build.0 = Release|Win32
	EndGlobalSection
	GlobalSection(SolutionProperties) = preSolution
		HideSolutionNode = FALSE
	EndGlobalSection
	GlobalSection(ExtensibilityGlobals) = postSolution
		SolutionGuid = {C6F83EDC-3267-40C4-8ECE-FFD535D7A3EA}
	EndGlobalSection
EndGlobal
