<?xml version="1.0" encoding="utf-8"?>
<Project ToolsVersion="4.0" xmlns="http://schemas.microsoft.com/developer/msbuild/2003">
  <ItemGroup>
    <Filter Include="ソース ファイル">
      <UniqueIdentifier>{4FC737F1-C7A5-4376-A066-2A32D752A2FF}</UniqueIdentifier>
      <Extensions>cpp;c;cc;cxx;def;odl;idl;hpj;bat;asm;asmx</Extensions>
    </Filter>
    <Filter Include="ヘッダー ファイル">
      <UniqueIdentifier>{93995380-89BD-4b04-88EB-625FBE52EBFB}</UniqueIdentifier>
      <Extensions>h;hh;hpp;hxx;hm;inl;inc;ipp;xsd</Extensions>
    </Filter>
    <Filter Include="リソース ファイル">
      <UniqueIdentifier>{67DA6AB6-F800-4c08-8B7A-83BB121AAD01}</UniqueIdentifier>
      <Extensions>rc;ico;cur;bmp;dlg;rc2;rct;bin;rgs;gif;jpg;jpeg;jpe;resx;tiff;tif;png;wav;mfcribbon-ms</Extensions>
    </Filter>
  </ItemGroup>
  <ItemGroup>
    <ClCompile Include="src\TktkAppendDirectX11Component\Graphics\Camera\Module\FirstPersonModule.cpp">
      <Filter>ソース ファイル</Filter>
    </ClCompile>
    <ClCompile Include="src\TktkAppendDirectX11Component\Graphics\Camera\SimpleCamera.cpp">
      <Filter>ソース ファイル</Filter>
    </ClCompile>
    <ClCompile Include="src\TktkAppendDirectX11Component\Graphics\Light\PointLight.cpp">
      <Filter>ソース ファイル</Filter>
    </ClCompile>
    <ClCompile Include="src\TktkAppendDirectX11Component\Graphics\Mesh\MeshAnimator.cpp">
      <Filter>ソース ファイル</Filter>
    </ClCompile>
    <ClCompile Include="src\TktkAppendDirectX11Component\Graphics\Mesh\MeshDrawer.cpp">
      <Filter>ソース ファイル</Filter>
    </ClCompile>
    <ClCompile Include="src\TktkAppendDirectX11Component\Graphics\Sprite\SpriteDrawer.cpp">
      <Filter>ソース ファイル</Filter>
    </ClCompile>
    <ClCompile Include="src\TktkDirectX11Wrapper\_Policy\DirectX11Policy.cpp">
      <Filter>ソース ファイル</Filter>
    </ClCompile>
    <ClCompile Include="src\TktkDirectX11Wrapper\Graphics\Animation\Asset\AnimationAssets.cpp">
      <Filter>ソース ファイル</Filter>
    </ClCompile>
    <ClCompile Include="src\TktkDirectX11Wrapper\Graphics\Animation\Asset\AnimationData.cpp">
      <Filter>ソース ファイル</Filter>
    </ClCompile>
    <ClCompile Include="src\TktkDirectX11Wrapper\Graphics\Animation\Animation.cpp">
      <Filter>ソース ファイル</Filter>
    </ClCompile>
    <ClCompile Include="src\TktkDirectX11Wrapper\Graphics\Animation\AnimationLoader.cpp">
      <Filter>ソース ファイル</Filter>
    </ClCompile>
    <ClCompile Include="src\TktkDirectX11Wrapper\Graphics\Animation\AnimationManager.cpp">
      <Filter>ソース ファイル</Filter>
    </ClCompile>
    <ClCompile Include="src\TktkDirectX11Wrapper\Graphics\Camera\Asset\CameraAssets.cpp">
      <Filter>ソース ファイル</Filter>
    </ClCompile>
    <ClCompile Include="src\TktkDirectX11Wrapper\Graphics\Camera\Asset\CameraData.cpp">
      <Filter>ソース ファイル</Filter>
    </ClCompile>
    <ClCompile Include="src\TktkDirectX11Wrapper\Graphics\Camera\Camera.cpp">
      <Filter>ソース ファイル</Filter>
    </ClCompile>
    <ClCompile Include="src\TktkDirectX11Wrapper\Graphics\Camera\CameraManager.cpp">
      <Filter>ソース ファイル</Filter>
    </ClCompile>
    <ClCompile Include="src\TktkDirectX11Wrapper\Graphics\ConstantBuffer\Asset\ConstantBufferAssets.cpp">
      <Filter>ソース ファイル</Filter>
    </ClCompile>
    <ClCompile Include="src\TktkDirectX11Wrapper\Graphics\ConstantBuffer\Asset\ConstantBufferData.cpp">
      <Filter>ソース ファイル</Filter>
    </ClCompile>
    <ClCompile Include="src\TktkDirectX11Wrapper\Graphics\ConstantBuffer\ConstantBuffer.cpp">
      <Filter>ソース ファイル</Filter>
    </ClCompile>
    <ClCompile Include="src\TktkDirectX11Wrapper\Graphics\ConstantBuffer\ConstantBufferManager.cpp">
      <Filter>ソース ファイル</Filter>
    </ClCompile>
    <ClCompile Include="src\TktkDirectX11Wrapper\Graphics\Light\Asset\LightAssets.cpp">
      <Filter>ソース ファイル</Filter>
    </ClCompile>
    <ClCompile Include="src\TktkDirectX11Wrapper\Graphics\Light\Asset\LightData.cpp">
      <Filter>ソース ファイル</Filter>
    </ClCompile>
    <ClCompile Include="src\TktkDirectX11Wrapper\Graphics\Light\Light.cpp">
      <Filter>ソース ファイル</Filter>
    </ClCompile>
    <ClCompile Include="src\TktkDirectX11Wrapper\Graphics\Light\LightManager.cpp">
      <Filter>ソース ファイル</Filter>
    </ClCompile>
    <ClCompile Include="src\TktkDirectX11Wrapper\Graphics\Light\LightUpdater.cpp">
      <Filter>ソース ファイル</Filter>
    </ClCompile>
    <ClCompile Include="src\TktkDirectX11Wrapper\Graphics\Material\Asset\MaterialAssets.cpp">
      <Filter>ソース ファイル</Filter>
    </ClCompile>
    <ClCompile Include="src\TktkDirectX11Wrapper\Graphics\Material\Asset\MaterialData.cpp">
      <Filter>ソース ファイル</Filter>
    </ClCompile>
    <ClCompile Include="src\TktkDirectX11Wrapper\Graphics\Material\Material.cpp">
      <Filter>ソース ファイル</Filter>
    </ClCompile>
    <ClCompile Include="src\TktkDirectX11Wrapper\Graphics\Material\MaterialManager.cpp">
      <Filter>ソース ファイル</Filter>
    </ClCompile>
    <ClCompile Include="src\TktkDirectX11Wrapper\Graphics\Mesh\Assets\MeshAssets.cpp">
      <Filter>ソース ファイル</Filter>
    </ClCompile>
    <ClCompile Include="src\TktkDirectX11Wrapper\Graphics\Mesh\Assets\MeshData.cpp">
      <Filter>ソース ファイル</Filter>
    </ClCompile>
    <ClCompile Include="src\TktkDirectX11Wrapper\Graphics\Mesh\Mesh.cpp">
      <Filter>ソース ファイル</Filter>
    </ClCompile>
    <ClCompile Include="src\TktkDirectX11Wrapper\Graphics\Mesh\MeshDrawerSetupper.cpp">
      <Filter>ソース ファイル</Filter>
    </ClCompile>
    <ClCompile Include="src\TktkDirectX11Wrapper\Graphics\Mesh\MeshManager.cpp">
      <Filter>ソース ファイル</Filter>
    </ClCompile>
    <ClCompile Include="src\TktkDirectX11Wrapper\Graphics\PixelShader\Asset\PixelShaderAssets.cpp">
      <Filter>ソース ファイル</Filter>
    </ClCompile>
    <ClCompile Include="src\TktkDirectX11Wrapper\Graphics\PixelShader\Asset\PixelShaderData.cpp">
      <Filter>ソース ファイル</Filter>
    </ClCompile>
    <ClCompile Include="src\TktkDirectX11Wrapper\Graphics\PixelShader\PixelShader.cpp">
      <Filter>ソース ファイル</Filter>
    </ClCompile>
    <ClCompile Include="src\TktkDirectX11Wrapper\Graphics\PixelShader\PixelShaderManager.cpp">
      <Filter>ソース ファイル</Filter>
    </ClCompile>
    <ClCompile Include="src\TktkDirectX11Wrapper\Graphics\RenderTarget\Asset\RenderTargetAssets.cpp">
      <Filter>ソース ファイル</Filter>
    </ClCompile>
    <ClCompile Include="src\TktkDirectX11Wrapper\Graphics\RenderTarget\Asset\RenderTargetData.cpp">
      <Filter>ソース ファイル</Filter>
    </ClCompile>
    <ClCompile Include="src\TktkDirectX11Wrapper\Graphics\RenderTarget\RenderTarget.cpp">
      <Filter>ソース ファイル</Filter>
    </ClCompile>
    <ClCompile Include="src\TktkDirectX11Wrapper\Graphics\RenderTarget\RenderTargetManager.cpp">
      <Filter>ソース ファイル</Filter>
    </ClCompile>
    <ClCompile Include="src\TktkDirectX11Wrapper\Graphics\Screen\Screen.cpp">
      <Filter>ソース ファイル</Filter>
    </ClCompile>
    <ClCompile Include="src\TktkDirectX11Wrapper\Graphics\Screen\ScreenManager.cpp">
      <Filter>ソース ファイル</Filter>
    </ClCompile>
    <ClCompile Include="src\TktkDirectX11Wrapper\Graphics\Screen\ScreenUpdater.cpp">
      <Filter>ソース ファイル</Filter>
    </ClCompile>
    <ClCompile Include="src\TktkDirectX11Wrapper\Graphics\Skeleton\Asset\SkeletonAssets.cpp">
      <Filter>ソース ファイル</Filter>
    </ClCompile>
    <ClCompile Include="src\TktkDirectX11Wrapper\Graphics\Skeleton\Asset\SkeletonData.cpp">
      <Filter>ソース ファイル</Filter>
    </ClCompile>
    <ClCompile Include="src\TktkDirectX11Wrapper\Graphics\Skeleton\Skeleton.cpp">
      <Filter>ソース ファイル</Filter>
    </ClCompile>
    <ClCompile Include="src\TktkDirectX11Wrapper\Graphics\Skeleton\SkeletonLoader.cpp">
      <Filter>ソース ファイル</Filter>
    </ClCompile>
    <ClCompile Include="src\TktkDirectX11Wrapper\Graphics\Skeleton\SkeletonManager.cpp">
      <Filter>ソース ファイル</Filter>
    </ClCompile>
    <ClCompile Include="src\TktkDirectX11Wrapper\Graphics\Sprite\SpriteDrawerSetupper.cpp">
      <Filter>ソース ファイル</Filter>
    </ClCompile>
    <ClCompile Include="src\TktkDirectX11Wrapper\Graphics\Texture2D\Asset\Texture2DAssets.cpp">
      <Filter>ソース ファイル</Filter>
    </ClCompile>
    <ClCompile Include="src\TktkDirectX11Wrapper\Graphics\Texture2D\Asset\Texture2DData.cpp">
      <Filter>ソース ファイル</Filter>
    </ClCompile>
    <ClCompile Include="src\TktkDirectX11Wrapper\Graphics\Texture2D\Texture2D.cpp">
      <Filter>ソース ファイル</Filter>
    </ClCompile>
    <ClCompile Include="src\TktkDirectX11Wrapper\Graphics\Texture2D\Texture2DManager.cpp">
      <Filter>ソース ファイル</Filter>
    </ClCompile>
    <ClCompile Include="src\TktkDirectX11Wrapper\Graphics\VertexShader\Asset\VertexShaderAssets.cpp">
      <Filter>ソース ファイル</Filter>
    </ClCompile>
    <ClCompile Include="src\TktkDirectX11Wrapper\Graphics\VertexShader\Asset\VertexShaderData.cpp">
      <Filter>ソース ファイル</Filter>
    </ClCompile>
    <ClCompile Include="src\TktkDirectX11Wrapper\Graphics\VertexShader\VertexShader.cpp">
      <Filter>ソース ファイル</Filter>
    </ClCompile>
    <ClCompile Include="src\TktkDirectX11Wrapper\Graphics\VertexShader\VertexShaderManager.cpp">
      <Filter>ソース ファイル</Filter>
    </ClCompile>
    <ClCompile Include="src\TktkDirectX11Wrapper\Graphics\ViewPort\Asset\ViewPortAssets.cpp">
      <Filter>ソース ファイル</Filter>
    </ClCompile>
    <ClCompile Include="src\TktkDirectX11Wrapper\Graphics\ViewPort\Asset\ViewPortData.cpp">
      <Filter>ソース ファイル</Filter>
    </ClCompile>
    <ClCompile Include="src\TktkDirectX11Wrapper\Graphics\ViewPort\ViewPort.cpp">
      <Filter>ソース ファイル</Filter>
    </ClCompile>
    <ClCompile Include="src\TktkDirectX11Wrapper\Graphics\ViewPort\ViewPortManager.cpp">
      <Filter>ソース ファイル</Filter>
    </ClCompile>
    <ClCompile Include="src\TktkDirectX11Wrapper\Graphics\Window\Window.cpp">
      <Filter>ソース ファイル</Filter>
    </ClCompile>
    <ClCompile Include="src\TktkDirectX11Wrapper\Graphics\Window\WindowManager.cpp">
      <Filter>ソース ファイル</Filter>
    </ClCompile>
    <ClCompile Include="src\TktkDirectX11Wrapper\Graphics\Window\WindowUpdater.cpp">
      <Filter>ソース ファイル</Filter>
    </ClCompile>
    <ClCompile Include="src\TktkDirectX11Wrapper\Input\Keyboard\Keyboard.cpp">
      <Filter>ソース ファイル</Filter>
    </ClCompile>
    <ClCompile Include="src\TktkDirectX11Wrapper\Input\Keyboard\KeyboardManager.cpp">
      <Filter>ソース ファイル</Filter>
    </ClCompile>
    <ClCompile Include="src\TktkDirectX11Wrapper\Input\Keyboard\KeyboardUpdater.cpp">
      <Filter>ソース ファイル</Filter>
    </ClCompile>
    <ClCompile Include="src\TktkDirectX11Wrapper\Sound\Asset\CSoundCallback.cpp">
      <Filter>ソース ファイル</Filter>
    </ClCompile>
    <ClCompile Include="src\TktkDirectX11Wrapper\Sound\Asset\SoundAssets.cpp">
      <Filter>ソース ファイル</Filter>
    </ClCompile>
    <ClCompile Include="src\TktkDirectX11Wrapper\Sound\Asset\SoundData.cpp">
      <Filter>ソース ファイル</Filter>
    </ClCompile>
    <ClCompile Include="src\TktkDirectX11Wrapper\Sound\Sound.cpp">
      <Filter>ソース ファイル</Filter>
    </ClCompile>
    <ClCompile Include="src\TktkDirectX11Wrapper\Sound\SoundManager.cpp">
      <Filter>ソース ファイル</Filter>
    </ClCompile>
    <ClCompile Include="src\TktkDirectX11Wrapper\Sound\SoundUpdater.cpp">
      <Filter>ソース ファイル</Filter>
    </ClCompile>
    <ClCompile Include="src\TktkDirectX11Wrapper\Utility\lodedds.cpp">
      <Filter>ソース ファイル</Filter>
    </ClCompile>
    <ClCompile Include="src\TktkDirectX11Wrapper\Utility\lodepng.cpp">
      <Filter>ソース ファイル</Filter>
    </ClCompile>
    <ClCompile Include="src\TktkDirectX11Wrapper\Graphics\Mesh\Assets\VertexBuffer\VertexBuffer.cpp">
      <Filter>ソース ファイル</Filter>
    </ClCompile>
    <ClCompile Include="src\TktkDirectX11Wrapper\Graphics\Mesh\Assets\IndexBuffer\IndexBuffer.cpp">
      <Filter>ソース ファイル</Filter>
    </ClCompile>
    <ClCompile Include="src\TktkDirectX11Wrapper\Graphics\Mesh\Loader\MeshLoader.cpp">
      <Filter>ソース ファイル</Filter>
    </ClCompile>
    <ClCompile Include="src\TktkDirectX11Wrapper\Graphics\Mesh\Loader\FbxLoader\FbxMeshLoader.cpp">
      <Filter>ソース ファイル</Filter>
    </ClCompile>
    <ClCompile Include="src\TktkDirectX11Wrapper\Graphics\Mesh\Loader\FbxLoader\FbxLoader.cpp">
      <Filter>ソース ファイル</Filter>
    </ClCompile>
    <ClCompile Include="src\TktkAppendDirectX11Component\Graphics\Camera\Module\FirstPersonModuleMaker.cpp">
      <Filter>ソース ファイル</Filter>
    </ClCompile>
    <ClCompile Include="src\TktkAppendDirectX11Component\Graphics\Camera\SimpleCameraMaker.cpp">
      <Filter>ソース ファイル</Filter>
    </ClCompile>
    <ClCompile Include="src\TktkAppendDirectX11Component\Graphics\Light\PointLightMaker.cpp">
      <Filter>ソース ファイル</Filter>
    </ClCompile>
    <ClCompile Include="src\TktkAppendDirectX11Component\Graphics\Mesh\MeshAnimatorMaker.cpp">
      <Filter>ソース ファイル</Filter>
    </ClCompile>
    <ClCompile Include="src\TktkAppendDirectX11Component\Graphics\Mesh\MeshDrawerMaker.cpp">
      <Filter>ソース ファイル</Filter>
    </ClCompile>
    <ClCompile Include="src\TktkAppendDirectX11Component\Graphics\Sprite\SpriteDrawerMaker.cpp">
      <Filter>ソース ファイル</Filter>
    </ClCompile>
    <ClCompile Include="src\TktkDirectX11Wrapper\Graphics\BlendState\BlendState.cpp">
      <Filter>ソース ファイル</Filter>
    </ClCompile>
    <ClCompile Include="src\TktkDirectX11Wrapper\Graphics\BlendState\Asset\BlendStateData.cpp">
      <Filter>ソース ファイル</Filter>
    </ClCompile>
    <ClCompile Include="src\TktkDirectX11Wrapper\Graphics\BlendState\Asset\BlendStateAssets.cpp">
      <Filter>ソース ファイル</Filter>
    </ClCompile>
    <ClCompile Include="src\TktkDirectX11Wrapper\Graphics\BlendState\BlendStateManager.cpp">
      <Filter>ソース ファイル</Filter>
    </ClCompile>
    <ClCompile Include="src\TktkDirectX11Wrapper\Graphics\DepthStencilState\DepthStencilState.cpp">
      <Filter>ソース ファイル</Filter>
    </ClCompile>
    <ClCompile Include="src\TktkDirectX11Wrapper\Graphics\DepthStencilState\DepthStencilStateManager.cpp">
      <Filter>ソース ファイル</Filter>
    </ClCompile>
    <ClCompile Include="src\TktkDirectX11Wrapper\Graphics\DepthStencilState\Asset\DepthStencilStateAssets.cpp">
      <Filter>ソース ファイル</Filter>
    </ClCompile>
    <ClCompile Include="src\TktkDirectX11Wrapper\Graphics\DepthStencilState\Asset\DepthStencilStateData.cpp">
      <Filter>ソース ファイル</Filter>
    </ClCompile>
    <ClCompile Include="src\TktkDirectX11Wrapper\Graphics\DepthStencilView\DepthStencilView.cpp">
      <Filter>ソース ファイル</Filter>
    </ClCompile>
    <ClCompile Include="src\TktkDirectX11Wrapper\Graphics\DepthStencilView\DepthStencilViewManager.cpp">
      <Filter>ソース ファイル</Filter>
    </ClCompile>
    <ClCompile Include="src\TktkDirectX11Wrapper\Graphics\DepthStencilView\Asset\DepthStencilViewAssets.cpp">
      <Filter>ソース ファイル</Filter>
    </ClCompile>
    <ClCompile Include="src\TktkDirectX11Wrapper\Graphics\DepthStencilView\Asset\DepthStencilViewData.cpp">
      <Filter>ソース ファイル</Filter>
    </ClCompile>
    <ClCompile Include="src\TktkDirectX11Wrapper\Graphics\Mesh\Assets\MaterialSlots\MaterialSlots.cpp">
      <Filter>ソース ファイル</Filter>
    </ClCompile>
    <ClCompile Include="src\TktkDirectX11Wrapper\Graphics\Material\Asset\MaterialParameters.cpp">
      <Filter>ソース ファイル</Filter>
    </ClCompile>
    <ClCompile Include="src\TktkAppendDirectX11Component\Graphics\Sprite\SpriteClippingDrawer.cpp">
      <Filter>ソース ファイル</Filter>
    </ClCompile>
    <ClCompile Include="src\TktkAppendDirectX11Component\Graphics\Sprite\SpriteClippingDrawerMaker.cpp">
      <Filter>ソース ファイル</Filter>
    </ClCompile>
    <ClCompile Include="src\TktkAppendDirectX11Component\Graphics\Sprite\SpriteClippingAnimator.cpp">
      <Filter>ソース ファイル</Filter>
    </ClCompile>
    <ClCompile Include="src\TktkAppendDirectX11Component\Graphics\Sprite\SpriteClippingAnimatorMaker.cpp">
      <Filter>ソース ファイル</Filter>
    </ClCompile>
    <ClCompile Include="src\TktkDirectX11Wrapper\Input\Mouse\MouseUpdater.cpp">
      <Filter>ソース ファイル</Filter>
    </ClCompile>
    <ClCompile Include="src\TktkDirectX11Wrapper\Input\Mouse\MouseManager.cpp">
      <Filter>ソース ファイル</Filter>
    </ClCompile>
    <ClCompile Include="src\TktkDirectX11Wrapper\Input\Mouse\Mouse.cpp">
      <Filter>ソース ファイル</Filter>
    </ClCompile>
  </ItemGroup>
  <ItemGroup>
    <FxCompile Include="shader\SpriteShader\SpritePixelShader.hlsl" />
    <FxCompile Include="shader\SpriteShader\SpriteVertexShader.hlsl" />
    <FxCompile Include="shader\MeshShader\MeshPixelShader.hlsl" />
    <FxCompile Include="shader\MeshShader\MeshVertexShader.hlsl" />
    <FxCompile Include="shader\PbrIblMeshShader\PbrIblMeshPixelShader.hlsl" />
    <FxCompile Include="shader\PbrIblMeshShader\PbrIblMeshVertexShader.hlsl" />
    <FxCompile Include="shader\PbrMeshShader\PbrMeshPixelShader.hlsl" />
    <FxCompile Include="shader\PbrMeshShader\PbrMeshVertexShader.hlsl" />
    <FxCompile Include="shader\IblMeshShader\IblMeshPixelShader.hlsl" />
    <FxCompile Include="shader\IblMeshShader\IblMeshVertexShader.hlsl" />
  </ItemGroup>
  <ItemGroup>
    <ClInclude Include="inc\TktkDirectX11Wrapper\DirectX11LibDefinition.h">
      <Filter>ヘッダー ファイル</Filter>
    </ClInclude>
    <ClInclude Include="inc\TktkDirectX11Wrapper\_Policy\DirectX11Policy.h">
      <Filter>ヘッダー ファイル</Filter>
    </ClInclude>
    <ClInclude Include="inc\TktkDirectX11Wrapper\Graphics\Animation\Asset\AnimationAssets.h">
      <Filter>ヘッダー ファイル</Filter>
    </ClInclude>
    <ClInclude Include="inc\TktkDirectX11Wrapper\Graphics\Animation\Asset\AnimationData.h">
      <Filter>ヘッダー ファイル</Filter>
    </ClInclude>
    <ClInclude Include="inc\TktkDirectX11Wrapper\Graphics\Animation\Asset\KeyFrame.h">
      <Filter>ヘッダー ファイル</Filter>
    </ClInclude>
    <ClInclude Include="inc\TktkDirectX11Wrapper\Graphics\Animation\Animation.h">
      <Filter>ヘッダー ファイル</Filter>
    </ClInclude>
    <ClInclude Include="inc\TktkDirectX11Wrapper\Graphics\Animation\AnimationLoader.h">
      <Filter>ヘッダー ファイル</Filter>
    </ClInclude>
    <ClInclude Include="inc\TktkDirectX11Wrapper\Graphics\Animation\AnimationManager.h">
      <Filter>ヘッダー ファイル</Filter>
    </ClInclude>
    <ClInclude Include="inc\TktkDirectX11Wrapper\Graphics\Camera\Asset\CameraAssets.h">
      <Filter>ヘッダー ファイル</Filter>
    </ClInclude>
    <ClInclude Include="inc\TktkDirectX11Wrapper\Graphics\Camera\Asset\CameraData.h">
      <Filter>ヘッダー ファイル</Filter>
    </ClInclude>
    <ClInclude Include="inc\TktkDirectX11Wrapper\Graphics\Camera\Camera.h">
      <Filter>ヘッダー ファイル</Filter>
    </ClInclude>
    <ClInclude Include="inc\TktkDirectX11Wrapper\Graphics\Camera\CameraManager.h">
      <Filter>ヘッダー ファイル</Filter>
    </ClInclude>
    <ClInclude Include="inc\TktkDirectX11Wrapper\Graphics\ConstantBuffer\Asset\ConstantBufferAssets.h">
      <Filter>ヘッダー ファイル</Filter>
    </ClInclude>
    <ClInclude Include="inc\TktkDirectX11Wrapper\Graphics\ConstantBuffer\Asset\ConstantBufferData.h">
      <Filter>ヘッダー ファイル</Filter>
    </ClInclude>
    <ClInclude Include="inc\TktkDirectX11Wrapper\Graphics\ConstantBuffer\Asset\SystemConstantBufferId.h">
      <Filter>ヘッダー ファイル</Filter>
    </ClInclude>
    <ClInclude Include="inc\TktkDirectX11Wrapper\Graphics\ConstantBuffer\ConstantBuffer.h">
      <Filter>ヘッダー ファイル</Filter>
    </ClInclude>
    <ClInclude Include="inc\TktkDirectX11Wrapper\Graphics\ConstantBuffer\ConstantBufferManager.h">
      <Filter>ヘッダー ファイル</Filter>
    </ClInclude>
    <ClInclude Include="inc\TktkDirectX11Wrapper\Graphics\Light\Asset\LightAssets.h">
      <Filter>ヘッダー ファイル</Filter>
    </ClInclude>
    <ClInclude Include="inc\TktkDirectX11Wrapper\Graphics\Light\Asset\LightData.h">
      <Filter>ヘッダー ファイル</Filter>
    </ClInclude>
    <ClInclude Include="inc\TktkDirectX11Wrapper\Graphics\Light\Light.h">
      <Filter>ヘッダー ファイル</Filter>
    </ClInclude>
    <ClInclude Include="inc\TktkDirectX11Wrapper\Graphics\Light\LightManager.h">
      <Filter>ヘッダー ファイル</Filter>
    </ClInclude>
    <ClInclude Include="inc\TktkDirectX11Wrapper\Graphics\Light\LightUpdater.h">
      <Filter>ヘッダー ファイル</Filter>
    </ClInclude>
    <ClInclude Include="inc\TktkDirectX11Wrapper\Graphics\Material\Asset\MaterialAssets.h">
      <Filter>ヘッダー ファイル</Filter>
    </ClInclude>
    <ClInclude Include="inc\TktkDirectX11Wrapper\Graphics\Material\Asset\MaterialData.h">
      <Filter>ヘッダー ファイル</Filter>
    </ClInclude>
    <ClInclude Include="inc\TktkDirectX11Wrapper\Graphics\Material\Material.h">
      <Filter>ヘッダー ファイル</Filter>
    </ClInclude>
    <ClInclude Include="inc\TktkDirectX11Wrapper\Graphics\Material\MaterialManager.h">
      <Filter>ヘッダー ファイル</Filter>
    </ClInclude>
    <ClInclude Include="inc\TktkDirectX11Wrapper\Graphics\Mesh\Assets\MeshAssets.h">
      <Filter>ヘッダー ファイル</Filter>
    </ClInclude>
    <ClInclude Include="inc\TktkDirectX11Wrapper\Graphics\Mesh\Assets\MeshData.h">
      <Filter>ヘッダー ファイル</Filter>
    </ClInclude>
    <ClInclude Include="inc\TktkDirectX11Wrapper\Graphics\Mesh\Mesh.h">
      <Filter>ヘッダー ファイル</Filter>
    </ClInclude>
    <ClInclude Include="inc\TktkDirectX11Wrapper\Graphics\Mesh\MeshDrawerSetupper.h">
      <Filter>ヘッダー ファイル</Filter>
    </ClInclude>
    <ClInclude Include="inc\TktkDirectX11Wrapper\Graphics\Mesh\MeshManager.h">
      <Filter>ヘッダー ファイル</Filter>
    </ClInclude>
    <ClInclude Include="inc\TktkDirectX11Wrapper\Graphics\PixelShader\Asset\PixelShaderAssets.h">
      <Filter>ヘッダー ファイル</Filter>
    </ClInclude>
    <ClInclude Include="inc\TktkDirectX11Wrapper\Graphics\PixelShader\Asset\PixelShaderData.h">
      <Filter>ヘッダー ファイル</Filter>
    </ClInclude>
    <ClInclude Include="inc\TktkDirectX11Wrapper\Graphics\PixelShader\Asset\SystemPixelShaderId.h">
      <Filter>ヘッダー ファイル</Filter>
    </ClInclude>
    <ClInclude Include="inc\TktkDirectX11Wrapper\Graphics\PixelShader\PixelShader.h">
      <Filter>ヘッダー ファイル</Filter>
    </ClInclude>
    <ClInclude Include="inc\TktkDirectX11Wrapper\Graphics\PixelShader\PixelShaderManager.h">
      <Filter>ヘッダー ファイル</Filter>
    </ClInclude>
    <ClInclude Include="inc\TktkDirectX11Wrapper\Graphics\RenderTarget\Asset\RenderTargetAssets.h">
      <Filter>ヘッダー ファイル</Filter>
    </ClInclude>
    <ClInclude Include="inc\TktkDirectX11Wrapper\Graphics\RenderTarget\Asset\RenderTargetData.h">
      <Filter>ヘッダー ファイル</Filter>
    </ClInclude>
    <ClInclude Include="inc\TktkDirectX11Wrapper\Graphics\RenderTarget\Asset\SystemRenderTargetId.h">
      <Filter>ヘッダー ファイル</Filter>
    </ClInclude>
    <ClInclude Include="inc\TktkDirectX11Wrapper\Graphics\RenderTarget\RenderTarget.h">
      <Filter>ヘッダー ファイル</Filter>
    </ClInclude>
    <ClInclude Include="inc\TktkDirectX11Wrapper\Graphics\RenderTarget\RenderTargetManager.h">
      <Filter>ヘッダー ファイル</Filter>
    </ClInclude>
    <ClInclude Include="inc\TktkDirectX11Wrapper\Graphics\Screen\Screen.h">
      <Filter>ヘッダー ファイル</Filter>
    </ClInclude>
    <ClInclude Include="inc\TktkDirectX11Wrapper\Graphics\Screen\ScreenManager.h">
      <Filter>ヘッダー ファイル</Filter>
    </ClInclude>
    <ClInclude Include="inc\TktkDirectX11Wrapper\Graphics\Screen\ScreenUpdater.h">
      <Filter>ヘッダー ファイル</Filter>
    </ClInclude>
    <ClInclude Include="inc\TktkDirectX11Wrapper\Graphics\Skeleton\Asset\Bone.h">
      <Filter>ヘッダー ファイル</Filter>
    </ClInclude>
    <ClInclude Include="inc\TktkDirectX11Wrapper\Graphics\Skeleton\Asset\SkeletonAssets.h">
      <Filter>ヘッダー ファイル</Filter>
    </ClInclude>
    <ClInclude Include="inc\TktkDirectX11Wrapper\Graphics\Skeleton\Asset\SkeletonData.h">
      <Filter>ヘッダー ファイル</Filter>
    </ClInclude>
    <ClInclude Include="inc\TktkDirectX11Wrapper\Graphics\Skeleton\Skeleton.h">
      <Filter>ヘッダー ファイル</Filter>
    </ClInclude>
    <ClInclude Include="inc\TktkDirectX11Wrapper\Graphics\Skeleton\SkeletonLoader.h">
      <Filter>ヘッダー ファイル</Filter>
    </ClInclude>
    <ClInclude Include="inc\TktkDirectX11Wrapper\Graphics\Skeleton\SkeletonManager.h">
      <Filter>ヘッダー ファイル</Filter>
    </ClInclude>
    <ClInclude Include="inc\TktkDirectX11Wrapper\Graphics\Sprite\SpriteConstantBufferData.h">
      <Filter>ヘッダー ファイル</Filter>
    </ClInclude>
    <ClInclude Include="inc\TktkDirectX11Wrapper\Graphics\Sprite\SpriteDrawerSetupper.h">
      <Filter>ヘッダー ファイル</Filter>
    </ClInclude>
    <ClInclude Include="inc\TktkDirectX11Wrapper\Graphics\Sprite\SpriteVertexBufferData.h">
      <Filter>ヘッダー ファイル</Filter>
    </ClInclude>
    <ClInclude Include="inc\TktkDirectX11Wrapper\Graphics\Texture2D\Asset\Texture2DAssets.h">
      <Filter>ヘッダー ファイル</Filter>
    </ClInclude>
    <ClInclude Include="inc\TktkDirectX11Wrapper\Graphics\Texture2D\Asset\Texture2DData.h">
      <Filter>ヘッダー ファイル</Filter>
    </ClInclude>
    <ClInclude Include="inc\TktkDirectX11Wrapper\Graphics\Texture2D\Texture2D.h">
      <Filter>ヘッダー ファイル</Filter>
    </ClInclude>
    <ClInclude Include="inc\TktkDirectX11Wrapper\Graphics\Texture2D\Texture2DManager.h">
      <Filter>ヘッダー ファイル</Filter>
    </ClInclude>
    <ClInclude Include="inc\TktkDirectX11Wrapper\Graphics\VertexShader\Asset\SystemVertexShaderId.h">
      <Filter>ヘッダー ファイル</Filter>
    </ClInclude>
    <ClInclude Include="inc\TktkDirectX11Wrapper\Graphics\VertexShader\Asset\VertexShaderAssets.h">
      <Filter>ヘッダー ファイル</Filter>
    </ClInclude>
    <ClInclude Include="inc\TktkDirectX11Wrapper\Graphics\VertexShader\Asset\VertexShaderData.h">
      <Filter>ヘッダー ファイル</Filter>
    </ClInclude>
    <ClInclude Include="inc\TktkDirectX11Wrapper\Graphics\VertexShader\VertexShader.h">
      <Filter>ヘッダー ファイル</Filter>
    </ClInclude>
    <ClInclude Include="inc\TktkDirectX11Wrapper\Graphics\VertexShader\VertexShaderManager.h">
      <Filter>ヘッダー ファイル</Filter>
    </ClInclude>
    <ClInclude Include="inc\TktkDirectX11Wrapper\Graphics\ViewPort\Asset\SystemViewPortId.h">
      <Filter>ヘッダー ファイル</Filter>
    </ClInclude>
    <ClInclude Include="inc\TktkDirectX11Wrapper\Graphics\ViewPort\Asset\ViewPortAssets.h">
      <Filter>ヘッダー ファイル</Filter>
    </ClInclude>
    <ClInclude Include="inc\TktkDirectX11Wrapper\Graphics\ViewPort\Asset\ViewPortData.h">
      <Filter>ヘッダー ファイル</Filter>
    </ClInclude>
    <ClInclude Include="inc\TktkDirectX11Wrapper\Graphics\ViewPort\ViewPort.h">
      <Filter>ヘッダー ファイル</Filter>
    </ClInclude>
    <ClInclude Include="inc\TktkDirectX11Wrapper\Graphics\ViewPort\ViewPortManager.h">
      <Filter>ヘッダー ファイル</Filter>
    </ClInclude>
    <ClInclude Include="inc\TktkDirectX11Wrapper\Graphics\Window\Window.h">
      <Filter>ヘッダー ファイル</Filter>
    </ClInclude>
    <ClInclude Include="inc\TktkDirectX11Wrapper\Graphics\Window\WindowManager.h">
      <Filter>ヘッダー ファイル</Filter>
    </ClInclude>
    <ClInclude Include="inc\TktkDirectX11Wrapper\Graphics\Window\WindowUpdater.h">
      <Filter>ヘッダー ファイル</Filter>
    </ClInclude>
    <ClInclude Include="inc\TktkDirectX11Wrapper\Input\Keyboard\Keyboard.h">
      <Filter>ヘッダー ファイル</Filter>
    </ClInclude>
    <ClInclude Include="inc\TktkDirectX11Wrapper\Input\Keyboard\KeyboardManager.h">
      <Filter>ヘッダー ファイル</Filter>
    </ClInclude>
    <ClInclude Include="inc\TktkDirectX11Wrapper\Input\Keyboard\KeyboardUpdater.h">
      <Filter>ヘッダー ファイル</Filter>
    </ClInclude>
    <ClInclude Include="inc\TktkDirectX11Wrapper\Input\Keyboard\KeybordKeyType.h">
      <Filter>ヘッダー ファイル</Filter>
    </ClInclude>
    <ClInclude Include="inc\TktkDirectX11Wrapper\Sound\Asset\CSoundCallback.h">
      <Filter>ヘッダー ファイル</Filter>
    </ClInclude>
    <ClInclude Include="inc\TktkDirectX11Wrapper\Sound\Asset\SoundAssets.h">
      <Filter>ヘッダー ファイル</Filter>
    </ClInclude>
    <ClInclude Include="inc\TktkDirectX11Wrapper\Sound\Asset\SoundData.h">
      <Filter>ヘッダー ファイル</Filter>
    </ClInclude>
    <ClInclude Include="inc\TktkDirectX11Wrapper\Sound\Asset\SoundPlayState.h">
      <Filter>ヘッダー ファイル</Filter>
    </ClInclude>
    <ClInclude Include="inc\TktkDirectX11Wrapper\Sound\Sound.h">
      <Filter>ヘッダー ファイル</Filter>
    </ClInclude>
    <ClInclude Include="inc\TktkDirectX11Wrapper\Sound\SoundManager.h">
      <Filter>ヘッダー ファイル</Filter>
    </ClInclude>
    <ClInclude Include="inc\TktkDirectX11Wrapper\Sound\SoundUpdater.h">
      <Filter>ヘッダー ファイル</Filter>
    </ClInclude>
    <ClInclude Include="inc\TktkDirectX11Wrapper\Utility\lodedds.h">
      <Filter>ヘッダー ファイル</Filter>
    </ClInclude>
    <ClInclude Include="inc\TktkDirectX11Wrapper\Utility\lodepng.h">
      <Filter>ヘッダー ファイル</Filter>
    </ClInclude>
    <ClInclude Include="inc\TktkDirectX11Wrapper\Utility\WindownsHeaderIncluder.h">
      <Filter>ヘッダー ファイル</Filter>
    </ClInclude>
    <ClInclude Include="inc\TktkAppendDirectX11Component\Graphics\Camera\Module\FirstPersonModule.h">
      <Filter>ヘッダー ファイル</Filter>
    </ClInclude>
    <ClInclude Include="inc\TktkAppendDirectX11Component\Graphics\Camera\SimpleCamera.h">
      <Filter>ヘッダー ファイル</Filter>
    </ClInclude>
    <ClInclude Include="inc\TktkAppendDirectX11Component\Graphics\Light\PointLight.h">
      <Filter>ヘッダー ファイル</Filter>
    </ClInclude>
    <ClInclude Include="inc\TktkAppendDirectX11Component\Graphics\Mesh\MeshAnimator.h">
      <Filter>ヘッダー ファイル</Filter>
    </ClInclude>
    <ClInclude Include="inc\TktkAppendDirectX11Component\Graphics\Mesh\MeshDrawer.h">
      <Filter>ヘッダー ファイル</Filter>
    </ClInclude>
    <ClInclude Include="inc\TktkAppendDirectX11Component\Graphics\Sprite\SpriteDrawer.h">
      <Filter>ヘッダー ファイル</Filter>
    </ClInclude>
    <ClInclude Include="inc\TktkDirectX11Wrapper\Graphics\Mesh\Assets\VertexBuffer\VertexBuffer.h">
      <Filter>ヘッダー ファイル</Filter>
    </ClInclude>
    <ClInclude Include="inc\TktkDirectX11Wrapper\Graphics\Mesh\Assets\_MeshInitParams\VertexBufferInitParams.h">
      <Filter>ヘッダー ファイル</Filter>
    </ClInclude>
    <ClInclude Include="inc\TktkDirectX11Wrapper\Graphics\Mesh\Assets\IndexBuffer\IndexBuffer.h">
      <Filter>ヘッダー ファイル</Filter>
    </ClInclude>
    <ClInclude Include="inc\TktkDirectX11Wrapper\Graphics\Mesh\Assets\_MeshInitParams\IndexBufferInitParams.h">
      <Filter>ヘッダー ファイル</Filter>
    </ClInclude>
    <ClInclude Include="inc\TktkDirectX11Wrapper\Graphics\Mesh\Assets\SystemMeshId.h">
      <Filter>ヘッダー ファイル</Filter>
    </ClInclude>
    <ClInclude Include="inc\TktkDirectX11Wrapper\Graphics\Mesh\Loader\MeshLoader.h">
      <Filter>ヘッダー ファイル</Filter>
    </ClInclude>
    <ClInclude Include="inc\TktkDirectX11Wrapper\Graphics\Mesh\Loader\FbxLoader\FbxMeshLoader.h">
      <Filter>ヘッダー ファイル</Filter>
    </ClInclude>
    <ClInclude Include="inc\TktkDirectX11Wrapper\Graphics\Mesh\Loader\FbxLoader\FbxLoader.h">
      <Filter>ヘッダー ファイル</Filter>
    </ClInclude>
    <ClInclude Include="inc\TktkDirectX11Wrapper\Graphics\Mesh\Loader\FbxLoader\FbxLoadDataParam\FbxMaterialDataParam.h">
      <Filter>ヘッダー ファイル</Filter>
    </ClInclude>
    <ClInclude Include="inc\TktkDirectX11Wrapper\Graphics\Mesh\Loader\FbxLoader\FbxLoadDataParam\FbxSubsetDataParam.h">
      <Filter>ヘッダー ファイル</Filter>
    </ClInclude>
    <ClInclude Include="inc\TktkDirectX11Wrapper\Graphics\Mesh\Loader\FbxLoader\FbxLoadDataParam\FbxVertexDataParam.h">
      <Filter>ヘッダー ファイル</Filter>
    </ClInclude>
    <ClInclude Include="inc\TktkDirectX11Wrapper\Graphics\Mesh\Loader\FbxLoader\FbxLoadDataParam\FbxLoadDataParam.h">
      <Filter>ヘッダー ファイル</Filter>
    </ClInclude>
    <ClInclude Include="inc\TktkDirectX11Wrapper\Graphics\Mesh\ConstantBufferData\MeshConstantBufferData.h">
      <Filter>ヘッダー ファイル</Filter>
    </ClInclude>
    <ClInclude Include="inc\TktkAppendDirectX11Component\Graphics\Camera\Module\FirstPersonModuleMaker.h">
      <Filter>ヘッダー ファイル</Filter>
    </ClInclude>
    <ClInclude Include="inc\TktkAppendDirectX11Component\Graphics\Camera\SimpleCameraMaker.h">
      <Filter>ヘッダー ファイル</Filter>
    </ClInclude>
    <ClInclude Include="inc\TktkAppendDirectX11Component\Graphics\Light\PointLightMaker.h">
      <Filter>ヘッダー ファイル</Filter>
    </ClInclude>
    <ClInclude Include="inc\TktkAppendDirectX11Component\Graphics\Mesh\MeshAnimatorMaker.h">
      <Filter>ヘッダー ファイル</Filter>
    </ClInclude>
    <ClInclude Include="inc\TktkAppendDirectX11Component\Graphics\Mesh\MeshDrawerMaker.h">
      <Filter>ヘッダー ファイル</Filter>
    </ClInclude>
    <ClInclude Include="inc\TktkAppendDirectX11Component\Graphics\Sprite\SpriteDrawerMaker.h">
      <Filter>ヘッダー ファイル</Filter>
    </ClInclude>
    <ClInclude Include="inc\TktkDirectX11Wrapper\Graphics\BlendState\Asset\BlendStateData.h">
      <Filter>ヘッダー ファイル</Filter>
    </ClInclude>
    <ClInclude Include="inc\TktkDirectX11Wrapper\Graphics\BlendState\Asset\BlendStateAssets.h">
      <Filter>ヘッダー ファイル</Filter>
    </ClInclude>
    <ClInclude Include="inc\TktkDirectX11Wrapper\Graphics\BlendState\BlendState.h">
      <Filter>ヘッダー ファイル</Filter>
    </ClInclude>
    <ClInclude Include="inc\TktkDirectX11Wrapper\Graphics\BlendState\BlendStateManager.h">
      <Filter>ヘッダー ファイル</Filter>
    </ClInclude>
    <ClInclude Include="inc\TktkDirectX11Wrapper\Graphics\DepthStencilState\DepthStencilState.h">
      <Filter>ヘッダー ファイル</Filter>
    </ClInclude>
    <ClInclude Include="inc\TktkDirectX11Wrapper\Graphics\DepthStencilState\DepthStencilStateManager.h">
      <Filter>ヘッダー ファイル</Filter>
    </ClInclude>
    <ClInclude Include="inc\TktkDirectX11Wrapper\Graphics\DepthStencilState\Asset\DepthStencilStateAssets.h">
      <Filter>ヘッダー ファイル</Filter>
    </ClInclude>
    <ClInclude Include="inc\TktkDirectX11Wrapper\Graphics\DepthStencilState\Asset\DepthStencilStateData.h">
      <Filter>ヘッダー ファイル</Filter>
    </ClInclude>
    <ClInclude Include="inc\TktkDirectX11Wrapper\Graphics\DepthStencilView\DepthStencilView.h">
      <Filter>ヘッダー ファイル</Filter>
    </ClInclude>
    <ClInclude Include="inc\TktkDirectX11Wrapper\Graphics\DepthStencilView\DepthStencilViewManager.h">
      <Filter>ヘッダー ファイル</Filter>
    </ClInclude>
    <ClInclude Include="inc\TktkDirectX11Wrapper\Graphics\DepthStencilView\Asset\DepthStencilViewAssets.h">
      <Filter>ヘッダー ファイル</Filter>
    </ClInclude>
    <ClInclude Include="inc\TktkDirectX11Wrapper\Graphics\DepthStencilView\Asset\DepthStencilViewData.h">
      <Filter>ヘッダー ファイル</Filter>
    </ClInclude>
    <ClInclude Include="inc\TktkDirectX11Wrapper\Graphics\DepthStencilView\Asset\SystemDepthStencilViewId.h">
      <Filter>ヘッダー ファイル</Filter>
    </ClInclude>
    <ClInclude Include="inc\TktkDirectX11Wrapper\Graphics\BlendState\Asset\SystemBlendStateId.h">
      <Filter>ヘッダー ファイル</Filter>
    </ClInclude>
    <ClInclude Include="inc\TktkDirectX11Wrapper\Graphics\DepthStencilState\Asset\SystemDepthStencilStateId.h">
      <Filter>ヘッダー ファイル</Filter>
    </ClInclude>
    <ClInclude Include="inc\TktkDirectX11Wrapper\Graphics\Mesh\ConstantBufferData\MaterialConstantBufferData.h">
      <Filter>ヘッダー ファイル</Filter>
    </ClInclude>
    <ClInclude Include="inc\TktkDirectX11Wrapper\Graphics\Mesh\ConstantBufferData\LightConstantBufferData.h">
      <Filter>ヘッダー ファイル</Filter>
    </ClInclude>
    <ClInclude Include="inc\TktkDirectX11Wrapper\Graphics\Mesh\Assets\MaterialSlots\MaterialSlots.h">
      <Filter>ヘッダー ファイル</Filter>
    </ClInclude>
    <ClInclude Include="inc\TktkDirectX11Wrapper\Graphics\Mesh\Assets\MaterialSlots\Subset.h">
      <Filter>ヘッダー ファイル</Filter>
    </ClInclude>
    <ClInclude Include="inc\TktkDirectX11Wrapper\Graphics\Mesh\Assets\_MeshInitParams\MaterialSlotsInitParams.h">
      <Filter>ヘッダー ファイル</Filter>
    </ClInclude>
    <ClInclude Include="inc\TktkDirectX11Wrapper\Graphics\Material\Asset\MaterialParameters.h">
      <Filter>ヘッダー ファイル</Filter>
    </ClInclude>
    <ClInclude Include="inc\TktkDirectX11Wrapper\Graphics\Mesh\ConstantBufferData\PbrConstantBufferData.h">
      <Filter>ヘッダー ファイル</Filter>
    </ClInclude>
    <ClInclude Include="inc\TktkAppendDirectX11Component\Graphics\Sprite\SpriteClippingDrawer.h">
      <Filter>ヘッダー ファイル</Filter>
    </ClInclude>
    <ClInclude Include="inc\TktkAppendDirectX11Component\Graphics\Sprite\SpriteClippingDrawerMaker.h">
      <Filter>ヘッダー ファイル</Filter>
    </ClInclude>
    <ClInclude Include="inc\TktkAppendDirectX11Component\Graphics\Sprite\SpriteClippingAnimator.h">
      <Filter>ヘッダー ファイル</Filter>
    </ClInclude>
    <ClInclude Include="inc\TktkAppendDirectX11Component\Graphics\Sprite\SpriteClippingAnimatorMaker.h">
      <Filter>ヘッダー ファイル</Filter>
    </ClInclude>
    <ClInclude Include="inc\TktkDirectX11Wrapper\Input\Mouse\MouseButtonType.h">
      <Filter>ヘッダー ファイル</Filter>
    </ClInclude>
    <ClInclude Include="inc\TktkDirectX11Wrapper\Input\Mouse\MouseUpdater.h">
      <Filter>ヘッダー ファイル</Filter>
    </ClInclude>
    <ClInclude Include="inc\TktkDirectX11Wrapper\Input\Mouse\MouseManager.h">
      <Filter>ヘッダー ファイル</Filter>
    </ClInclude>
    <ClInclude Include="inc\TktkDirectX11Wrapper\Input\Mouse\Mouse.h">
      <Filter>ヘッダー ファイル</Filter>
    </ClInclude>
  </ItemGroup>
</Project>