<?xml version="1.0" encoding="utf-8"?>
<Project ToolsVersion="4.0" xmlns="http://schemas.microsoft.com/developer/msbuild/2003">
  <ItemGroup>
    <Filter Include="ソース ファイル">
      <UniqueIdentifier>{4FC737F1-C7A5-4376-A066-2A32D752A2FF}</UniqueIdentifier>
      <Extensions>cpp;c;cc;cxx;c++;def;odl;idl;hpj;bat;asm;asmx</Extensions>
    </Filter>
    <Filter Include="ヘッダー ファイル">
      <UniqueIdentifier>{93995380-89BD-4b04-88EB-625FBE52EBFB}</UniqueIdentifier>
      <Extensions>h;hh;hpp;hxx;h++;hm;inl;inc;ipp;xsd</Extensions>
    </Filter>
    <Filter Include="リソース ファイル">
      <UniqueIdentifier>{67DA6AB6-F800-4c08-8B7A-83BB121AAD01}</UniqueIdentifier>
      <Extensions>rc;ico;cur;bmp;dlg;rc2;rct;bin;rgs;gif;jpg;jpeg;jpe;resx;tiff;tif;png;wav;mfcribbon-ms</Extensions>
    </Filter>
  </ItemGroup>
  <ItemGroup>
    <ClInclude Include="inc\TktkTemplateMetaLib\HasFuncCheck\HasFuncCheckMacro.h">
      <Filter>ヘッダー ファイル</Filter>
    </ClInclude>
    <ClInclude Include="inc\TktkTemplateMetaLib\HasValueCheck\HasValueCheckMacro.h">
      <Filter>ヘッダー ファイル</Filter>
    </ClInclude>
    <ClInclude Include="inc\TktkTemplateMetaLib\IsAllOf\IsAllOf.h">
      <Filter>ヘッダー ファイル</Filter>
    </ClInclude>
    <ClInclude Include="inc\TktkTemplateMetaLib\TypeCheck\isIdType.h">
      <Filter>ヘッダー ファイル</Filter>
    </ClInclude>
    <ClInclude Include="inc\TktkTemplateMetaLib\TypeCheck\IsNumber.h">
      <Filter>ヘッダー ファイル</Filter>
    </ClInclude>
    <ClInclude Include="inc\TktkTemplateMetaLib\HasFuncCheck\CreatedStruct\HasUpdateChecker.h">
      <Filter>ヘッダー ファイル</Filter>
    </ClInclude>
    <ClInclude Include="inc\TktkTemplateMetaLib\HasFuncCheck\CreatedStruct\HasStartChecker.h">
      <Filter>ヘッダー ファイル</Filter>
    </ClInclude>
    <ClInclude Include="inc\TktkTemplateMetaLib\HasFuncCheck\CreatedStruct\HasEndChecker.h">
      <Filter>ヘッダー ファイル</Filter>
    </ClInclude>
    <ClInclude Include="inc\TktkTemplateMetaLib\HasFuncCheck\CreatedStruct\HasAwakeChecker.h">
      <Filter>ヘッダー ファイル</Filter>
    </ClInclude>
    <ClInclude Include="inc\TktkTemplateMetaLib\HasFuncCheck\CreatedStruct\HasOnEnableChecker.h">
      <Filter>ヘッダー ファイル</Filter>
    </ClInclude>
    <ClInclude Include="inc\TktkTemplateMetaLib\HasFuncCheck\CreatedStruct\HasOnDisableChecker.h">
      <Filter>ヘッダー ファイル</Filter>
    </ClInclude>
    <ClInclude Include="inc\TktkTemplateMetaLib\HasFuncCheck\CreatedStruct\HasOnDestroyChecker.h">
      <Filter>ヘッダー ファイル</Filter>
    </ClInclude>
    <ClInclude Include="inc\TktkTemplateMetaLib\HasFuncCheck\CreatedStruct\HasDrawChecker.h">
      <Filter>ヘッダー ファイル</Filter>
    </ClInclude>
    <ClInclude Include="inc\TktkTemplateMetaLib\HasFuncCheck\CreatedStruct\HasOnCollisionEnterChecker.h">
      <Filter>ヘッダー ファイル</Filter>
    </ClInclude>
    <ClInclude Include="inc\TktkTemplateMetaLib\HasFuncCheck\CreatedStruct\HasOnCollisionStayChecker.h">
      <Filter>ヘッダー ファイル</Filter>
    </ClInclude>
    <ClInclude Include="inc\TktkTemplateMetaLib\HasFuncCheck\CreatedStruct\HasOnCollisionExitChecker.h">
      <Filter>ヘッダー ファイル</Filter>
    </ClInclude>
    <ClInclude Include="inc\TktkTemplateMetaLib\HasFuncCheck\CreatedStruct\HasIsCollideChecker.h">
      <Filter>ヘッダー ファイル</Filter>
    </ClInclude>
    <ClInclude Include="inc\TktkTemplateMetaLib\TypeCheck\HaveCollisionFuncType.h">
      <Filter>ヘッダー ファイル</Filter>
    </ClInclude>
    <ClInclude Include="inc\TktkTemplateMetaLib\HasFuncCheck\CreatedStruct\HasAfterChangeParentChecker.h">
      <Filter>ヘッダー ファイル</Filter>
    </ClInclude>
    <ClInclude Include="inc\TktkTemplateMetaLib\HasFuncCheck\CreatedStruct\HasAfterCollideChecker.h">
      <Filter>ヘッダー ファイル</Filter>
    </ClInclude>
    <ClInclude Include="inc\TktkTemplateMetaLib\HasFuncCheck\CreatedStruct\HasHandleMessageChecker.h">
      <Filter>ヘッダー ファイル</Filter>
    </ClInclude>
  </ItemGroup>
</Project>