<?xml version="1.0" encoding="utf-8"?>
<Project ToolsVersion="4.0" xmlns="http://schemas.microsoft.com/developer/msbuild/2003">
  <ItemGroup>
    <Filter Include="ソース ファイル">
      <UniqueIdentifier>{4FC737F1-C7A5-4376-A066-2A32D752A2FF}</UniqueIdentifier>
      <Extensions>cpp;c;cc;cxx;c++;def;odl;idl;hpj;bat;asm;asmx</Extensions>
    </Filter>
    <Filter Include="ヘッダー ファイル">
      <UniqueIdentifier>{93995380-89BD-4b04-88EB-625FBE52EBFB}</UniqueIdentifier>
      <Extensions>h;hh;hpp;hxx;h++;hm;inl;inc;ipp;xsd</Extensions>
    </Filter>
    <Filter Include="リソース ファイル">
      <UniqueIdentifier>{67DA6AB6-F800-4c08-8B7A-83BB121AAD01}</UniqueIdentifier>
      <Extensions>rc;ico;cur;bmp;dlg;rc2;rct;bin;rgs;gif;jpg;jpeg;jpe;resx;tiff;tif;png;wav;mfcribbon-ms</Extensions>
    </Filter>
  </ItemGroup>
  <ItemGroup>
    <ClInclude Include="inc\TktkDX12Wrapper\Graphics\Window\Window.h">
      <Filter>ヘッダー ファイル</Filter>
    </ClInclude>
    <ClInclude Include="inc\TktkDX12Wrapper\Graphics\Window\WindowInitParam.h">
      <Filter>ヘッダー ファイル</Filter>
    </ClInclude>
    <ClInclude Include="inc\TktkDX12WrappingLibDefinition.h">
      <Filter>ヘッダー ファイル</Filter>
    </ClInclude>
    <ClInclude Include="inc\TktkDX12Wrapper\Graphics\DX3D12\_DX3DBaseObjects\DX3DBaseObjects.h">
      <Filter>ヘッダー ファイル</Filter>
    </ClInclude>
    <ClInclude Include="inc\TktkDX12Wrapper\Graphics\DX3D12\VertexBuffer\VertexBuffer.h">
      <Filter>ヘッダー ファイル</Filter>
    </ClInclude>
    <ClInclude Include="inc\TktkDX12Wrapper\Graphics\DX3D12\VertexBuffer\VertexBufferData.h">
      <Filter>ヘッダー ファイル</Filter>
    </ClInclude>
    <ClInclude Include="inc\TktkDX12Wrapper\Graphics\DX3D12\IndexBuffer\IndexBuffer.h">
      <Filter>ヘッダー ファイル</Filter>
    </ClInclude>
    <ClInclude Include="inc\TktkDX12Wrapper\Graphics\DX3D12\IndexBuffer\IndexBufferData.h">
      <Filter>ヘッダー ファイル</Filter>
    </ClInclude>
    <ClInclude Include="inc\TktkDX12Wrapper\Graphics\DX3D12\GraphicsPipeLineState\GraphicsPipeLineState.h">
      <Filter>ヘッダー ファイル</Filter>
    </ClInclude>
    <ClInclude Include="inc\TktkDX12Wrapper\Graphics\DX3D12\GraphicsPipeLineState\GraphicsPipeLineStateData.h">
      <Filter>ヘッダー ファイル</Filter>
    </ClInclude>
    <ClInclude Include="inc\TktkDX12Wrapper\Graphics\DX3D12\GraphicsPipeLineState\RootSignature\RootSignature.h">
      <Filter>ヘッダー ファイル</Filter>
    </ClInclude>
    <ClInclude Include="inc\TktkDX12Wrapper\Graphics\DX3D12\GraphicsPipeLineState\RootSignature\RootSignatureData.h">
      <Filter>ヘッダー ファイル</Filter>
    </ClInclude>
    <ClInclude Include="inc\TktkDX12Wrapper\Graphics\DX3D12\GraphicsPipeLineState\RootSignature\RootSignatureInitParam.h">
      <Filter>ヘッダー ファイル</Filter>
    </ClInclude>
    <ClInclude Include="inc\TktkDX12Wrapper\Graphics\DX3D12\GraphicsPipeLineState\GraphicsPipeLineStateInitParam.h">
      <Filter>ヘッダー ファイル</Filter>
    </ClInclude>
    <ClInclude Include="inc\TktkDX12Wrapper\Graphics\DX3D12\Viewport\Viewport.h">
      <Filter>ヘッダー ファイル</Filter>
    </ClInclude>
    <ClInclude Include="inc\TktkDX12Wrapper\Graphics\DX3D12\Viewport\ViewportData.h">
      <Filter>ヘッダー ファイル</Filter>
    </ClInclude>
    <ClInclude Include="inc\TktkDX12Wrapper\Graphics\DX3D12\Viewport\ViewportInitParam.h">
      <Filter>ヘッダー ファイル</Filter>
    </ClInclude>
    <ClInclude Include="inc\TktkDX12Wrapper\Graphics\DX3D12\ScissorRect\ScissorRect.h">
      <Filter>ヘッダー ファイル</Filter>
    </ClInclude>
    <ClInclude Include="inc\TktkDX12Wrapper\Graphics\DX3D12\ScissorRect\ScissorRectData.h">
      <Filter>ヘッダー ファイル</Filter>
    </ClInclude>
    <ClInclude Include="inc\TktkDX12Wrapper\Graphics\DX3D12\ScissorRect\ScissorRectInitParam.h">
      <Filter>ヘッダー ファイル</Filter>
    </ClInclude>
    <ClInclude Include="inc\TktkDX12Wrapper\Graphics\DX3D12\DescriptorHeap\DescriptorHeap.h">
      <Filter>ヘッダー ファイル</Filter>
    </ClInclude>
    <ClInclude Include="inc\TktkDX12Wrapper\Graphics\DX3D12\DescriptorHeap\BufferResource\ConstantBuffer\ConstantBuffer.h">
      <Filter>ヘッダー ファイル</Filter>
    </ClInclude>
    <ClInclude Include="inc\TktkDX12Wrapper\Graphics\DX3D12\DescriptorHeap\BufferResource\ConstantBuffer\ConstantBufferData.h">
      <Filter>ヘッダー ファイル</Filter>
    </ClInclude>
    <ClInclude Include="inc\TktkDX12Wrapper\Graphics\DX3D12\DescriptorHeap\BufferResource\TextureBuffer\ShaderResourceViewInitParam.h">
      <Filter>ヘッダー ファイル</Filter>
    </ClInclude>
    <ClInclude Include="inc\TktkDX12Wrapper\Graphics\DX3D12\DescriptorHeap\BufferResource\TextureBuffer\TextureBuffer.h">
      <Filter>ヘッダー ファイル</Filter>
    </ClInclude>
    <ClInclude Include="inc\TktkDX12Wrapper\Graphics\DX3D12\DescriptorHeap\BufferResource\TextureBuffer\TextureBufferData.h">
      <Filter>ヘッダー ファイル</Filter>
    </ClInclude>
    <ClInclude Include="inc\TktkDX12Wrapper\Graphics\DX3D12\DescriptorHeap\BufferResource\TextureBuffer\TextureBufferInitParam.h">
      <Filter>ヘッダー ファイル</Filter>
    </ClInclude>
    <ClInclude Include="inc\TktkDX12Wrapper\Graphics\DX3D12\DescriptorHeap\BufferResource\RenderTargetBuffer\RenderTargetBuffer.h">
      <Filter>ヘッダー ファイル</Filter>
    </ClInclude>
    <ClInclude Include="inc\TktkDX12Wrapper\Graphics\DX3D12\DescriptorHeap\BufferResource\RenderTargetBuffer\RenderTargetBufferData.h">
      <Filter>ヘッダー ファイル</Filter>
    </ClInclude>
    <ClInclude Include="inc\TktkDX12Wrapper\Graphics\DX3D12\DescriptorHeap\BasicDescriptorHeap\BasicDescriptorHeap.h">
      <Filter>ヘッダー ファイル</Filter>
    </ClInclude>
    <ClInclude Include="inc\TktkDX12Wrapper\Graphics\DX3D12\DescriptorHeap\BasicDescriptorHeap\BasicDescriptorHeapData.h">
      <Filter>ヘッダー ファイル</Filter>
    </ClInclude>
    <ClInclude Include="inc\TktkDX12Wrapper\Graphics\DX3D12\DescriptorHeap\BasicDescriptorHeap\BasicDescriptorHeapInitParam.h">
      <Filter>ヘッダー ファイル</Filter>
    </ClInclude>
    <ClInclude Include="inc\TktkDX12Wrapper\Graphics\DX3D12\DescriptorHeap\DescriptorHeapParam.h">
      <Filter>ヘッダー ファイル</Filter>
    </ClInclude>
    <ClInclude Include="inc\TktkDX12Wrapper\Graphics\DX3D12\DescriptorHeap\RtvDescriptorHeap\RtvDescriptorHeap.h">
      <Filter>ヘッダー ファイル</Filter>
    </ClInclude>
    <ClInclude Include="inc\TktkDX12Wrapper\Graphics\DX3D12\DescriptorHeap\RtvDescriptorHeap\RtvDescriptorHeapData.h">
      <Filter>ヘッダー ファイル</Filter>
    </ClInclude>
    <ClInclude Include="inc\TktkDX12Wrapper\Graphics\DX3D12\DescriptorHeap\RtvDescriptorHeap\RtvDescriptorHeapInitParam.h">
      <Filter>ヘッダー ファイル</Filter>
    </ClInclude>
    <ClInclude Include="inc\TktkDX12Wrapper\Graphics\DX3D12\Fence\Fence.h">
      <Filter>ヘッダー ファイル</Filter>
    </ClInclude>
    <ClInclude Include="inc\TktkDX12Wrapper\Graphics\DX3D12\_DX3DBaseObjects\DX3DBaseObjectsInitParam.h">
      <Filter>ヘッダー ファイル</Filter>
    </ClInclude>
    <ClInclude Include="inc\TktkDX12Wrapper\Graphics\DX3D12\SwapChain\SwapChain.h">
      <Filter>ヘッダー ファイル</Filter>
    </ClInclude>
    <ClInclude Include="inc\TktkDX12Wrapper\Graphics\DX3D12\DescriptorHeap\BufferResource\DepthStencilBuffer\DepthStencilBuffer.h">
      <Filter>ヘッダー ファイル</Filter>
    </ClInclude>
    <ClInclude Include="inc\TktkDX12Wrapper\Graphics\DX3D12\DescriptorHeap\BufferResource\DepthStencilBuffer\DepthStencilBufferData.h">
      <Filter>ヘッダー ファイル</Filter>
    </ClInclude>
    <ClInclude Include="inc\TktkDX12Wrapper\Graphics\DX3D12\DescriptorHeap\DsvDescriptorHeap\DsvDescriptorHeap.h">
      <Filter>ヘッダー ファイル</Filter>
    </ClInclude>
    <ClInclude Include="inc\TktkDX12Wrapper\Graphics\DX3D12\DescriptorHeap\DsvDescriptorHeap\DsvDescriptorHeapData.h">
      <Filter>ヘッダー ファイル</Filter>
    </ClInclude>
    <ClInclude Include="inc\TktkDX12Wrapper\Graphics\DX3D12\DescriptorHeap\DsvDescriptorHeap\DsvDescriptorHeapInitParam.h">
      <Filter>ヘッダー ファイル</Filter>
    </ClInclude>
  </ItemGroup>
  <ItemGroup>
    <ClCompile Include="src\TktkDX12Wrapper\Graphics\Window\Window.cpp">
      <Filter>ソース ファイル</Filter>
    </ClCompile>
    <ClCompile Include="src\TktkDX12Wrapper\Graphics\DX3D12\_DX3DBaseObjects\DX3DBaseObjects.cpp">
      <Filter>ソース ファイル</Filter>
    </ClCompile>
    <ClCompile Include="src\TktkDX12Wrapper\Graphics\DX3D12\VertexBuffer\VertexBufferData.cpp">
      <Filter>ソース ファイル</Filter>
    </ClCompile>
    <ClCompile Include="src\TktkDX12Wrapper\Graphics\DX3D12\IndexBuffer\IndexBufferData.cpp">
      <Filter>ソース ファイル</Filter>
    </ClCompile>
    <ClCompile Include="src\TktkDX12Wrapper\Graphics\DX3D12\GraphicsPipeLineState\GraphicsPipeLineStateData.cpp">
      <Filter>ソース ファイル</Filter>
    </ClCompile>
    <ClCompile Include="src\TktkDX12Wrapper\Graphics\DX3D12\GraphicsPipeLineState\RootSignature\RootSignatureData.cpp">
      <Filter>ソース ファイル</Filter>
    </ClCompile>
    <ClCompile Include="src\TktkDX12Wrapper\Graphics\DX3D12\Viewport\ViewportData.cpp">
      <Filter>ソース ファイル</Filter>
    </ClCompile>
    <ClCompile Include="src\TktkDX12Wrapper\Graphics\DX3D12\ScissorRect\ScissorRectData.cpp">
      <Filter>ソース ファイル</Filter>
    </ClCompile>
    <ClCompile Include="src\TktkDX12Wrapper\Graphics\DX3D12\DescriptorHeap\BufferResource\ConstantBuffer\ConstantBufferData.cpp">
      <Filter>ソース ファイル</Filter>
    </ClCompile>
    <ClCompile Include="src\TktkDX12Wrapper\Graphics\DX3D12\DescriptorHeap\BufferResource\TextureBuffer\TextureBufferData.cpp">
      <Filter>ソース ファイル</Filter>
    </ClCompile>
    <ClCompile Include="src\TktkDX12Wrapper\Graphics\DX3D12\DescriptorHeap\BufferResource\RenderTargetBuffer\RenderTargetBufferData.cpp">
      <Filter>ソース ファイル</Filter>
    </ClCompile>
    <ClCompile Include="src\TktkDX12Wrapper\Graphics\DX3D12\DescriptorHeap\BasicDescriptorHeap\BasicDescriptorHeapData.cpp">
      <Filter>ソース ファイル</Filter>
    </ClCompile>
    <ClCompile Include="src\TktkDX12Wrapper\Graphics\DX3D12\DescriptorHeap\RtvDescriptorHeap\RtvDescriptorHeapData.cpp">
      <Filter>ソース ファイル</Filter>
    </ClCompile>
    <ClCompile Include="src\TktkDX12Wrapper\Graphics\DX3D12\Fence\Fence.cpp">
      <Filter>ソース ファイル</Filter>
    </ClCompile>
    <ClCompile Include="src\TktkDX12Wrapper\Graphics\DX3D12\Viewport\Viewport.cpp">
      <Filter>ソース ファイル</Filter>
    </ClCompile>
    <ClCompile Include="src\TktkDX12Wrapper\Graphics\DX3D12\VertexBuffer\VertexBuffer.cpp">
      <Filter>ソース ファイル</Filter>
    </ClCompile>
    <ClCompile Include="src\TktkDX12Wrapper\Graphics\DX3D12\ScissorRect\ScissorRect.cpp">
      <Filter>ソース ファイル</Filter>
    </ClCompile>
    <ClCompile Include="src\TktkDX12Wrapper\Graphics\DX3D12\IndexBuffer\IndexBuffer.cpp">
      <Filter>ソース ファイル</Filter>
    </ClCompile>
    <ClCompile Include="src\TktkDX12Wrapper\Graphics\DX3D12\GraphicsPipeLineState\RootSignature\RootSignature.cpp">
      <Filter>ソース ファイル</Filter>
    </ClCompile>
    <ClCompile Include="src\TktkDX12Wrapper\Graphics\DX3D12\GraphicsPipeLineState\GraphicsPipeLineState.cpp">
      <Filter>ソース ファイル</Filter>
    </ClCompile>
    <ClCompile Include="src\TktkDX12Wrapper\Graphics\DX3D12\DescriptorHeap\BufferResource\ConstantBuffer\ConstantBuffer.cpp">
      <Filter>ソース ファイル</Filter>
    </ClCompile>
    <ClCompile Include="src\TktkDX12Wrapper\Graphics\DX3D12\DescriptorHeap\BufferResource\RenderTargetBuffer\RenderTargetBuffer.cpp">
      <Filter>ソース ファイル</Filter>
    </ClCompile>
    <ClCompile Include="src\TktkDX12Wrapper\Graphics\DX3D12\DescriptorHeap\BufferResource\TextureBuffer\TextureBuffer.cpp">
      <Filter>ソース ファイル</Filter>
    </ClCompile>
    <ClCompile Include="src\TktkDX12Wrapper\Graphics\DX3D12\DescriptorHeap\BasicDescriptorHeap\BasicDescriptorHeap.cpp">
      <Filter>ソース ファイル</Filter>
    </ClCompile>
    <ClCompile Include="src\TktkDX12Wrapper\Graphics\DX3D12\DescriptorHeap\RtvDescriptorHeap\RtvDescriptorHeap.cpp">
      <Filter>ソース ファイル</Filter>
    </ClCompile>
    <ClCompile Include="src\TktkDX12Wrapper\Graphics\DX3D12\DescriptorHeap\DescriptorHeap.cpp">
      <Filter>ソース ファイル</Filter>
    </ClCompile>
    <ClCompile Include="src\TktkDX12Wrapper\Graphics\DX3D12\SwapChain\SwapChain.cpp">
      <Filter>ソース ファイル</Filter>
    </ClCompile>
    <ClCompile Include="src\TktkDX12Wrapper\Graphics\DX3D12\DescriptorHeap\BufferResource\DepthStencilBuffer\DepthStencilBuffer.cpp">
      <Filter>ソース ファイル</Filter>
    </ClCompile>
    <ClCompile Include="src\TktkDX12Wrapper\Graphics\DX3D12\DescriptorHeap\BufferResource\DepthStencilBuffer\DepthStencilBufferData.cpp">
      <Filter>ソース ファイル</Filter>
    </ClCompile>
    <ClCompile Include="src\TktkDX12Wrapper\Graphics\DX3D12\DescriptorHeap\DsvDescriptorHeap\DsvDescriptorHeap.cpp">
      <Filter>ソース ファイル</Filter>
    </ClCompile>
    <ClCompile Include="src\TktkDX12Wrapper\Graphics\DX3D12\DescriptorHeap\DsvDescriptorHeap\DsvDescriptorHeapData.cpp">
      <Filter>ソース ファイル</Filter>
    </ClCompile>
  </ItemGroup>
  <ItemGroup>
    <FxCompile Include="shader\BasicVertexShader.hlsl" />
    <FxCompile Include="shader\BasicPixelShader.hlsl" />
  </ItemGroup>
</Project>